
Microsoft Visual Studio Solution File, Format Version 12.00
# Visual Studio Version 17
VisualStudioVersion = 17.0.31903.59
MinimumVisualStudioVersion = 10.0.40219.1
Project("{2150E333-8FDC-42A3-9474-1A3956D46DE8}") = "src", "src", "{827E0CD3-B72D-47B6-A68D-7590B98EB39B}"
EndProject
Project("{2150E333-8FDC-42A3-9474-1A3956D46DE8}") = "sts2", "sts2", "{F1984E91-E4CA-0312-213E-512DB5CDDD14}"
EndProject
Project("{FAE04EC0-301F-11D3-BF4B-00C04F79EFBC}") = "Microsoft.SqlTools.Sts2.Contracts", "src\sts2\Microsoft.SqlTools.Sts2.Contracts\Microsoft.SqlTools.Sts2.Contracts.csproj", "{24B8C9BB-E763-41A1-A02A-2B7D4F958D0F}"
EndProject
Project("{FAE04EC0-301F-11D3-BF4B-00C04F79EFBC}") = "Microsoft.SqlTools.Sts2.Core", "src\sts2\Microsoft.SqlTools.Sts2.Core\Microsoft.SqlTools.Sts2.Core.csproj", "{3ED343B0-54B0-44DB-8C1B-A80D61A8ECA2}"
EndProject
Project("{FAE04EC0-301F-11D3-BF4B-00C04F79EFBC}") = "Microsoft.SqlTools.Sts2.Abstractions", "src\sts2\Microsoft.SqlTools.Sts2.Abstractions\Microsoft.SqlTools.Sts2.Abstractions.csproj", "{297414BE-2FCA-481D-9E29-9E4FE8872371}"
EndProject
Project("{FAE04EC0-301F-11D3-BF4B-00C04F79EFBC}") = "Microsoft.SqlTools.Sts2.Runtime", "src\sts2\Microsoft.SqlTools.Sts2.Runtime\Microsoft.SqlTools.Sts2.Runtime.csproj", "{91DFB2DE-15DA-4403-9CBF-BFCF1C1961C8}"
EndProject
Project("{FAE04EC0-301F-11D3-BF4B-00C04F79EFBC}") = "Microsoft.SqlTools.Sts2.Hosting", "src\sts2\Microsoft.SqlTools.Sts2.Hosting\Microsoft.SqlTools.Sts2.Hosting.csproj", "{F5D7EB72-ADD6-4228-A9D2-A1AD5C7B3D44}"
EndProject
Project("{FAE04EC0-301F-11D3-BF4B-00C04F79EFBC}") = "Microsoft.SqlTools.Sts2.Multiplexer", "src\sts2\Microsoft.SqlTools.Sts2.Multiplexer\Microsoft.SqlTools.Sts2.Multiplexer.csproj", "{4C30BD53-A025-40B1-A8B7-AD7249002085}"
EndProject
Project("{FAE04EC0-301F-11D3-BF4B-00C04F79EFBC}") = "Microsoft.SqlTools.Sts2.Bootstrap", "src\sts2\Microsoft.SqlTools.Sts2.Bootstrap\Microsoft.SqlTools.Sts2.Bootstrap.csproj", "{4BD1591C-E2A8-4700-9ADC-B9B4629FFD27}"
EndProject
Project("{FAE04EC0-301F-11D3-BF4B-00C04F79EFBC}") = "Microsoft.SqlTools.Sts2.Drivers.SqlClient", "src\sts2\Microsoft.SqlTools.Sts2.Drivers.SqlClient\Microsoft.SqlTools.Sts2.Drivers.SqlClient.csproj", "{F0C5A7C7-83C0-4B6E-9DE1-196AFB954B2C}"
EndProject
Project("{FAE04EC0-301F-11D3-BF4B-00C04F79EFBC}") = "Microsoft.SqlTools.Sts2.Drivers.Sqlite", "src\sts2\Microsoft.SqlTools.Sts2.Drivers.Sqlite\Microsoft.SqlTools.Sts2.Drivers.Sqlite.csproj", "{6F412B8B-DA7F-45D0-B97C-CD0E41B33A83}"
EndProject
Project("{FAE04EC0-301F-11D3-BF4B-00C04F79EFBC}") = "Microsoft.SqlTools.Sts2.Testing", "src\sts2\Microsoft.SqlTools.Sts2.Testing\Microsoft.SqlTools.Sts2.Testing.csproj", "{5A1A6BD1-E574-47E1-9118-9AD4E353C420}"
EndProject
Project("{2150E333-8FDC-42A3-9474-1A3956D46DE8}") = "test", "test", "{0C88DD14-F956-CE84-757C-A364CCF449FC}"
EndProject
Project("{2150E333-8FDC-42A3-9474-1A3956D46DE8}") = "sts2", "sts2", "{72DD3A47-2B49-CDB1-720F-91DF17519430}"
EndProject
Project("{FAE04EC0-301F-11D3-BF4B-00C04F79EFBC}") = "Microsoft.SqlTools.Sts2.UnitTests", "test\sts2\Microsoft.SqlTools.Sts2.UnitTests\Microsoft.SqlTools.Sts2.UnitTests.csproj", "{180E313C-5AC0-4DB1-9793-0B53DC94E813}"
EndProject
Global
	GlobalSection(SolutionConfigurationPlatforms) = preSolution
		Debug|Any CPU = Debug|Any CPU
		Debug|x64 = Debug|x64
		Debug|x86 = Debug|x86
		Release|Any CPU = Release|Any CPU
		Release|x64 = Release|x64
		Release|x86 = Release|x86
	EndGlobalSection
	GlobalSection(ProjectConfigurationPlatforms) = postSolution
		{24B8C9BB-E763-41A1-A02A-2B7D4F958D0F}.Debug|Any CPU.ActiveCfg = Debug|Any CPU
		{24B8C9BB-E763-41A1-A02A-2B7D4F958D0F}.Debug|Any CPU.Build.0 = Debug|Any CPU
		{24B8C9BB-E763-41A1-A02A-2B7D4F958D0F}.Debug|x64.ActiveCfg = Debug|Any CPU
		{24B8C9BB-E763-41A1-A02A-2B7D4F958D0F}.Debug|x64.Build.0 = Debug|Any CPU
		{24B8C9BB-E763-41A1-A02A-2B7D4F958D0F}.Debug|x86.ActiveCfg = Debug|Any CPU
		{24B8C9BB-E763-41A1-A02A-2B7D4F958D0F}.Debug|x86.Build.0 = Debug|Any CPU
		{24B8C9BB-E763-41A1-A02A-2B7D4F958D0F}.Release|Any CPU.ActiveCfg = Release|Any CPU
		{24B8C9BB-E763-41A1-A02A-2B7D4F958D0F}.Release|Any CPU.Build.0 = Release|Any CPU
		{24B8C9BB-E763-41A1-A02A-2B7D4F958D0F}.Release|x64.ActiveCfg = Release|Any CPU
		{24B8C9BB-E763-41A1-A02A-2B7D4F958D0F}.Release|x64.Build.0 = Release|Any CPU
		{24B8C9BB-E763-41A1-A02A-2B7D4F958D0F}.Release|x86.ActiveCfg = Release|Any CPU
		{24B8C9BB-E763-41A1-A02A-2B7D4F958D0F}.Release|x86.Build.0 = Release|Any CPU
		{3ED343B0-54B0-44DB-8C1B-A80D61A8ECA2}.Debug|Any CPU.ActiveCfg = Debug|Any CPU
		{3ED343B0-54B0-44DB-8C1B-A80D61A8ECA2}.Debug|Any CPU.Build.0 = Debug|Any CPU
		{3ED343B0-54B0-44DB-8C1B-A80D61A8ECA2}.Debug|x64.ActiveCfg = Debug|Any CPU
		{3ED343B0-54B0-44DB-8C1B-A80D61A8ECA2}.Debug|x64.Build.0 = Debug|Any CPU
		{3ED343B0-54B0-44DB-8C1B-A80D61A8ECA2}.Debug|x86.ActiveCfg = Debug|Any CPU
		{3ED343B0-54B0-44DB-8C1B-A80D61A8ECA2}.Debug|x86.Build.0 = Debug|Any CPU
		{3ED343B0-54B0-44DB-8C1B-A80D61A8ECA2}.Release|Any CPU.ActiveCfg = Release|Any CPU
		{3ED343B0-54B0-44DB-8C1B-A80D61A8ECA2}.Release|Any CPU.Build.0 = Release|Any CPU
		{3ED343B0-54B0-44DB-8C1B-A80D61A8ECA2}.Release|x64.ActiveCfg = Release|Any CPU
		{3ED343B0-54B0-44DB-8C1B-A80D61A8ECA2}.Release|x64.Build.0 = Release|Any CPU
		{3ED343B0-54B0-44DB-8C1B-A80D61A8ECA2}.Release|x86.ActiveCfg = Release|Any CPU
		{3ED343B0-54B0-44DB-8C1B-A80D61A8ECA2}.Release|x86.Build.0 = Release|Any CPU
		{297414BE-2FCA-481D-9E29-9E4FE8872371}.Debug|Any CPU.ActiveCfg = Debug|Any CPU
		{297414BE-2FCA-481D-9E29-9E4FE8872371}.Debug|Any CPU.Build.0 = Debug|Any CPU
		{297414BE-2FCA-481D-9E29-9E4FE8872371}.Debug|x64.ActiveCfg = Debug|Any CPU
		{297414BE-2FCA-481D-9E29-9E4FE8872371}.Debug|x64.Build.0 = Debug|Any CPU
		{297414BE-2FCA-481D-9E29-9E4FE8872371}.Debug|x86.ActiveCfg = Debug|Any CPU
		{297414BE-2FCA-481D-9E29-9E4FE8872371}.Debug|x86.Build.0 = Debug|Any CPU
		{297414BE-2FCA-481D-9E29-9E4FE8872371}.Release|Any CPU.ActiveCfg = Release|Any CPU
		{297414BE-2FCA-481D-9E29-9E4FE8872371}.Release|Any CPU.Build.0 = Release|Any CPU
		{297414BE-2FCA-481D-9E29-9E4FE8872371}.Release|x64.ActiveCfg = Release|Any CPU
		{297414BE-2FCA-481D-9E29-9E4FE8872371}.Release|x64.Build.0 = Release|Any CPU
		{297414BE-2FCA-481D-9E29-9E4FE8872371}.Release|x86.ActiveCfg = Release|Any CPU
		{297414BE-2FCA-481D-9E29-9E4FE8872371}.Release|x86.Build.0 = Release|Any CPU
		{91DFB2DE-15DA-4403-9CBF-BFCF1C1961C8}.Debug|Any CPU.ActiveCfg = Debug|Any CPU
		{91DFB2DE-15DA-4403-9CBF-BFCF1C1961C8}.Debug|Any CPU.Build.0 = Debug|Any CPU
		{91DFB2DE-15DA-4403-9CBF-BFCF1C1961C8}.Debug|x64.ActiveCfg = Debug|Any CPU
		{91DFB2DE-15DA-4403-9CBF-BFCF1C1961C8}.Debug|x64.Build.0 = Debug|Any CPU
		{91DFB2DE-15DA-4403-9CBF-BFCF1C1961C8}.Debug|x86.ActiveCfg = Debug|Any CPU
		{91DFB2DE-15DA-4403-9CBF-BFCF1C1961C8}.Debug|x86.Build.0 = Debug|Any CPU
		{91DFB2DE-15DA-4403-9CBF-BFCF1C1961C8}.Release|Any CPU.ActiveCfg = Release|Any CPU
		{91DFB2DE-15DA-4403-9CBF-BFCF1C1961C8}.Release|Any CPU.Build.0 = Release|Any CPU
		{91DFB2DE-15DA-4403-9CBF-BFCF1C1961C8}.Release|x64.ActiveCfg = Release|Any CPU
		{91DFB2DE-15DA-4403-9CBF-BFCF1C1961C8}.Release|x64.Build.0 = Release|Any CPU
		{91DFB2DE-15DA-4403-9CBF-BFCF1C1961C8}.Release|x86.ActiveCfg = Release|Any CPU
		{91DFB2DE-15DA-4403-9CBF-BFCF1C1961C8}.Release|x86.Build.0 = Release|Any CPU
		{F5D7EB72-ADD6-4228-A9D2-A1AD5C7B3D44}.Debug|Any CPU.ActiveCfg = Debug|Any CPU
		{F5D7EB72-ADD6-4228-A9D2-A1AD5C7B3D44}.Debug|Any CPU.Build.0 = Debug|Any CPU
		{F5D7EB72-ADD6-4228-A9D2-A1AD5C7B3D44}.Debug|x64.ActiveCfg = Debug|Any CPU
		{F5D7EB72-ADD6-4228-A9D2-A1AD5C7B3D44}.Debug|x64.Build.0 = Debug|Any CPU
		{F5D7EB72-ADD6-4228-A9D2-A1AD5C7B3D44}.Debug|x86.ActiveCfg = Debug|Any CPU
		{F5D7EB72-ADD6-4228-A9D2-A1AD5C7B3D44}.Debug|x86.Build.0 = Debug|Any CPU
		{F5D7EB72-ADD6-4228-A9D2-A1AD5C7B3D44}.Release|Any CPU.ActiveCfg = Release|Any CPU
		{F5D7EB72-ADD6-4228-A9D2-A1AD5C7B3D44}.Release|Any CPU.Build.0 = Release|Any CPU
		{F5D7EB72-ADD6-4228-A9D2-A1AD5C7B3D44}.Release|x64.ActiveCfg = Release|Any CPU
		{F5D7EB72-ADD6-4228-A9D2-A1AD5C7B3D44}.Release|x64.Build.0 = Release|Any CPU
		{F5D7EB72-ADD6-4228-A9D2-A1AD5C7B3D44}.Release|x86.ActiveCfg = Release|Any CPU
		{F5D7EB72-ADD6-4228-A9D2-A1AD5C7B3D44}.Release|x86.Build.0 = Release|Any CPU
		{4C30BD53-A025-40B1-A8B7-AD7249002085}.Debug|Any CPU.ActiveCfg = Debug|Any CPU
		{4C30BD53-A025-40B1-A8B7-AD7249002085}.Debug|Any CPU.Build.0 = Debug|Any CPU
		{4C30BD53-A025-40B1-A8B7-AD7249002085}.Debug|x64.ActiveCfg = Debug|Any CPU
		{4C30BD53-A025-40B1-A8B7-AD7249002085}.Debug|x64.Build.0 = Debug|Any CPU
		{4C30BD53-A025-40B1-A8B7-AD7249002085}.Debug|x86.ActiveCfg = Debug|Any CPU
		{4C30BD53-A025-40B1-A8B7-AD7249002085}.Debug|x86.Build.0 = Debug|Any CPU
		{4C30BD53-A025-40B1-A8B7-AD7249002085}.Release|Any CPU.ActiveCfg = Release|Any CPU
		{4C30BD53-A025-40B1-A8B7-AD7249002085}.Release|Any CPU.Build.0 = Release|Any CPU
		{4C30BD53-A025-40B1-A8B7-AD7249002085}.Release|x64.ActiveCfg = Release|Any CPU
		{4C30BD53-A025-40B1-A8B7-AD7249002085}.Release|x64.Build.0 = Release|Any CPU
		{4C30BD53-A025-40B1-A8B7-AD7249002085}.Release|x86.ActiveCfg = Release|Any CPU
		{4C30BD53-A025-40B1-A8B7-AD7249002085}.Release|x86.Build.0 = Release|Any CPU
		{4BD1591C-E2A8-4700-9ADC-B9B4629FFD27}.Debug|Any CPU.ActiveCfg = Debug|Any CPU
		{4BD1591C-E2A8-4700-9ADC-B9B4629FFD27}.Debug|Any CPU.Build.0 = Debug|Any CPU
		{4BD1591C-E2A8-4700-9ADC-B9B4629FFD27}.Debug|x64.ActiveCfg = Debug|Any CPU
		{4BD1591C-E2A8-4700-9ADC-B9B4629FFD27}.Debug|x64.Build.0 = Debug|Any CPU
		{4BD1591C-E2A8-4700-9ADC-B9B4629FFD27}.Debug|x86.ActiveCfg = Debug|Any CPU
		{4BD1591C-E2A8-4700-9ADC-B9B4629FFD27}.Debug|x86.Build.0 = Debug|Any CPU
		{4BD1591C-E2A8-4700-9ADC-B9B4629FFD27}.Release|Any CPU.ActiveCfg = Release|Any CPU
		{4BD1591C-E2A8-4700-9ADC-B9B4629FFD27}.Release|Any CPU.Build.0 = Release|Any CPU
		{4BD1591C-E2A8-4700-9ADC-B9B4629FFD27}.Release|x64.ActiveCfg = Release|Any CPU
		{4BD1591C-E2A8-4700-9ADC-B9B4629FFD27}.Release|x64.Build.0 = Release|Any CPU
		{4BD1591C-E2A8-4700-9ADC-B9B4629FFD27}.Release|x86.ActiveCfg = Release|Any CPU
		{4BD1591C-E2A8-4700-9ADC-B9B4629FFD27}.Release|x86.Build.0 = Release|Any CPU
		{F0C5A7C7-83C0-4B6E-9DE1-196AFB954B2C}.Debug|Any CPU.ActiveCfg = Debug|Any CPU
		{F0C5A7C7-83C0-4B6E-9DE1-196AFB954B2C}.Debug|Any CPU.Build.0 = Debug|Any CPU
		{F0C5A7C7-83C0-4B6E-9DE1-196AFB954B2C}.Debug|x64.ActiveCfg = Debug|Any CPU
		{F0C5A7C7-83C0-4B6E-9DE1-196AFB954B2C}.Debug|x64.Build.0 = Debug|Any CPU
		{F0C5A7C7-83C0-4B6E-9DE1-196AFB954B2C}.Debug|x86.ActiveCfg = Debug|Any CPU
		{F0C5A7C7-83C0-4B6E-9DE1-196AFB954B2C}.Debug|x86.Build.0 = Debug|Any CPU
		{F0C5A7C7-83C0-4B6E-9DE1-196AFB954B2C}.Release|Any CPU.ActiveCfg = Release|Any CPU
		{F0C5A7C7-83C0-4B6E-9DE1-196AFB954B2C}.Release|Any CPU.Build.0 = Release|Any CPU
		{F0C5A7C7-83C0-4B6E-9DE1-196AFB954B2C}.Release|x64.ActiveCfg = Release|Any CPU
		{F0C5A7C7-83C0-4B6E-9DE1-196AFB954B2C}.Release|x64.Build.0 = Release|Any CPU
		{F0C5A7C7-83C0-4B6E-9DE1-196AFB954B2C}.Release|x86.ActiveCfg = Release|Any CPU
		{F0C5A7C7-83C0-4B6E-9DE1-196AFB954B2C}.Release|x86.Build.0 = Release|Any CPU
		{6F412B8B-DA7F-45D0-B97C-CD0E41B33A83}.Debug|Any CPU.ActiveCfg = Debug|Any CPU
		{6F412B8B-DA7F-45D0-B97C-CD0E41B33A83}.Debug|Any CPU.Build.0 = Debug|Any CPU
		{6F412B8B-DA7F-45D0-B97C-CD0E41B33A83}.Debug|x64.ActiveCfg = Debug|Any CPU
		{6F412B8B-DA7F-45D0-B97C-CD0E41B33A83}.Debug|x64.Build.0 = Debug|Any CPU
		{6F412B8B-DA7F-45D0-B97C-CD0E41B33A83}.Debug|x86.ActiveCfg = Debug|Any CPU
		{6F412B8B-DA7F-45D0-B97C-CD0E41B33A83}.Debug|x86.Build.0 = Debug|Any CPU
		{6F412B8B-DA7F-45D0-B97C-CD0E41B33A83}.Release|Any CPU.ActiveCfg = Release|Any CPU
		{6F412B8B-DA7F-45D0-B97C-CD0E41B33A83}.Release|Any CPU.Build.0 = Release|Any CPU
		{6F412B8B-DA7F-45D0-B97C-CD0E41B33A83}.Release|x64.ActiveCfg = Release|Any CPU
		{6F412B8B-DA7F-45D0-B97C-CD0E41B33A83}.Release|x64.Build.0 = Release|Any CPU
		{6F412B8B-DA7F-45D0-B97C-CD0E41B33A83}.Release|x86.ActiveCfg = Release|Any CPU
		{6F412B8B-DA7F-45D0-B97C-CD0E41B33A83}.Release|x86.Build.0 = Release|Any CPU
		{5A1A6BD1-E574-47E1-9118-9AD4E353C420}.Debug|Any CPU.ActiveCfg = Debug|Any CPU
		{5A1A6BD1-E574-47E1-9118-9AD4E353C420}.Debug|Any CPU.Build.0 = Debug|Any CPU
		{5A1A6BD1-E574-47E1-9118-9AD4E353C420}.Debug|x64.ActiveCfg = Debug|Any CPU
		{5A1A6BD1-E574-47E1-9118-9AD4E353C420}.Debug|x64.Build.0 = Debug|Any CPU
		{5A1A6BD1-E574-47E1-9118-9AD4E353C420}.Debug|x86.ActiveCfg = Debug|Any CPU
		{5A1A6BD1-E574-47E1-9118-9AD4E353C420}.Debug|x86.Build.0 = Debug|Any CPU
		{5A1A6BD1-E574-47E1-9118-9AD4E353C420}.Release|Any CPU.ActiveCfg = Release|Any CPU
		{5A1A6BD1-E574-47E1-9118-9AD4E353C420}.Release|Any CPU.Build.0 = Release|Any CPU
		{5A1A6BD1-E574-47E1-9118-9AD4E353C420}.Release|x64.ActiveCfg = Release|Any CPU
		{5A1A6BD1-E574-47E1-9118-9AD4E353C420}.Release|x64.Build.0 = Release|Any CPU
		{5A1A6BD1-E574-47E1-9118-9AD4E353C420}.Release|x86.ActiveCfg = Release|Any CPU
		{5A1A6BD1-E574-47E1-9118-9AD4E353C420}.Release|x86.Build.0 = Release|Any CPU
		{180E313C-5AC0-4DB1-9793-0B53DC94E813}.Debug|Any CPU.ActiveCfg = Debug|Any CPU
		{180E313C-5AC0-4DB1-9793-0B53DC94E813}.Debug|Any CPU.Build.0 = Debug|Any CPU
		{180E313C-5AC0-4DB1-9793-0B53DC94E813}.Debug|x64.ActiveCfg = Debug|Any CPU
		{180E313C-5AC0-4DB1-9793-0B53DC94E813}.Debug|x64.Build.0 = Debug|Any CPU
		{180E313C-5AC0-4DB1-9793-0B53DC94E813}.Debug|x86.ActiveCfg = Debug|Any CPU
		{180E313C-5AC0-4DB1-9793-0B53DC94E813}.Debug|x86.Build.0 = Debug|Any CPU
		{180E313C-5AC0-4DB1-9793-0B53DC94E813}.Release|Any CPU.ActiveCfg = Release|Any CPU
		{180E313C-5AC0-4DB1-9793-0B53DC94E813}.Release|Any CPU.Build.0 = Release|Any CPU
		{180E313C-5AC0-4DB1-9793-0B53DC94E813}.Release|x64.ActiveCfg = Release|Any CPU
		{180E313C-5AC0-4DB1-9793-0B53DC94E813}.Release|x64.Build.0 = Release|Any CPU
		{180E313C-5AC0-4DB1-9793-0B53DC94E813}.Release|x86.ActiveCfg = Release|Any CPU
		{180E313C-5AC0-4DB1-9793-0B53DC94E813}.Release|x86.Build.0 = Release|Any CPU
	EndGlobalSection
	GlobalSection(SolutionProperties) = preSolution
		HideSolutionNode = FALSE
	EndGlobalSection
	GlobalSection(NestedProjects) = preSolution
		{F1984E91-E4CA-0312-213E-512DB5CDDD14} = {827E0CD3-B72D-47B6-A68D-7590B98EB39B}
		{24B8C9BB-E763-41A1-A02A-2B7D4F958D0F} = {F1984E91-E4CA-0312-213E-512DB5CDDD14}
		{3ED343B0-54B0-44DB-8C1B-A80D61A8ECA2} = {F1984E91-E4CA-0312-213E-512DB5CDDD14}
		{297414BE-2FCA-481D-9E29-9E4FE8872371} = {F1984E91-E4CA-0312-213E-512DB5CDDD14}
		{91DFB2DE-15DA-4403-9CBF-BFCF1C1961C8} = {F1984E91-E4CA-0312-213E-512DB5CDDD14}
		{F5D7EB72-ADD6-4228-A9D2-A1AD5C7B3D44} = {F1984E91-E4CA-0312-213E-512DB5CDDD14}
		{4C30BD53-A025-40B1-A8B7-AD7249002085} = {F1984E91-E4CA-0312-213E-512DB5CDDD14}
		{4BD1591C-E2A8-4700-9ADC-B9B4629FFD27} = {F1984E91-E4CA-0312-213E-512DB5CDDD14}
		{F0C5A7C7-83C0-4B6E-9DE1-196AFB954B2C} = {F1984E91-E4CA-0312-213E-512DB5CDDD14}
		{6F412B8B-DA7F-45D0-B97C-CD0E41B33A83} = {F1984E91-E4CA-0312-213E-512DB5CDDD14}
		{5A1A6BD1-E574-47E1-9118-9AD4E353C420} = {F1984E91-E4CA-0312-213E-512DB5CDDD14}
		{72DD3A47-2B49-CDB1-720F-91DF17519430} = {0C88DD14-F956-CE84-757C-A364CCF449FC}
		{180E313C-5AC0-4DB1-9793-0B53DC94E813} = {72DD3A47-2B49-CDB1-720F-91DF17519430}
	EndGlobalSection
EndGlobal
