Microsoft Visual Studio Solution File, Format Version 12.00
# Visual Studio 14
VisualStudioVersion = 14.0.25420.1
MinimumVisualStudioVersion = 10.0.40219.1
Project("{2150E333-8FDC-42A3-9474-1A3956D46DE8}") = "src", "src", "{2BBD7364-054F-4693-97CD-1C395E3E84A9}"
EndProject
Project("{2150E333-8FDC-42A3-9474-1A3956D46DE8}") = "test", "test", "{AB9CA2B8-6F70-431C-8A1D-67479D8A7BE4}"
EndProject
Project("{2150E333-8FDC-42A3-9474-1A3956D46DE8}") = "Solution Items", "Solution Items", "{32DC973E-9EEA-4694-B1C2-B031167AB945}"
	ProjectSection(SolutionItems) = preProject
		.gitignore = .gitignore
		BUILD.md = BUILD.md
		global.json = global.json
		nuget.config = nuget.config
		README.md = README.md
	EndProjectSection
EndProject
Project("{8BB2217D-0F2D-49D1-97BC-3654ED321F3B}") = "Microsoft.SqlTools.ServiceLayer", "src\Microsoft.SqlTools.ServiceLayer\Microsoft.SqlTools.ServiceLayer.xproj", "{0D61DC2B-DA66-441D-B9D0-F76C98F780F9}"
EndProject
Project("{8BB2217D-0F2D-49D1-97BC-3654ED321F3B}") = "Microsoft.SqlTools.ServiceLayer.Test", "test\Microsoft.SqlTools.ServiceLayer.Test\Microsoft.SqlTools.ServiceLayer.Test.xproj", "{2D771D16-9D85-4053-9F79-E2034737DEEF}"
EndProject
Project("{8BB2217D-0F2D-49D1-97BC-3654ED321F3B}") = "Microsoft.SqlTools.ServiceLayer.TestDriver", "test\Microsoft.SqlTools.ServiceLayer.TestDriver\Microsoft.SqlTools.ServiceLayer.TestDriver.xproj", "{CC785604-6277-4878-8DA9-360C47158E96}"
EndProject
Project("{2150E333-8FDC-42A3-9474-1A3956D46DE8}") = "scripts", "scripts", "{B7D21727-2926-452B-9610-3ADB0BB6D789}"
	ProjectSection(SolutionItems) = preProject
		scripts\archiving.cake = scripts\archiving.cake
		scripts\artifacts.cake = scripts\artifacts.cake
		scripts\cake-bootstrap.ps1 = scripts\cake-bootstrap.ps1
		scripts\cake-bootstrap.sh = scripts\cake-bootstrap.sh
		scripts\packages.config = scripts\packages.config
		scripts\runhelpers.cake = scripts\runhelpers.cake
	EndProjectSection
EndProject
Project("{2150E333-8FDC-42A3-9474-1A3956D46DE8}") = "build", "build", "{F9978D78-78FE-4E92-A7D6-D436B7683EF6}"
	ProjectSection(SolutionItems) = preProject
		build.cake = build.cake
		build.cmd = build.cmd
		build.json = build.json
		build.ps1 = build.ps1
		build.sh = build.sh
	EndProjectSection
EndProject
Project("{2150E333-8FDC-42A3-9474-1A3956D46DE8}") = "CodeCoverage", "CodeCoverage", "{87D9C7D9-18F4-4AB9-B20D-66C02B6075E2}"
	ProjectSection(SolutionItems) = preProject
		test\CodeCoverage\codecoverage.bat = test\CodeCoverage\codecoverage.bat
		test\CodeCoverage\gulpfile.js = test\CodeCoverage\gulpfile.js
		test\CodeCoverage\nuget.config = test\CodeCoverage\nuget.config
		test\CodeCoverage\package.json = test\CodeCoverage\package.json
		test\CodeCoverage\packages.config = test\CodeCoverage\packages.config
		test\CodeCoverage\ReplaceText.vbs = test\CodeCoverage\ReplaceText.vbs
		test\CodeCoverage\runintegration.bat = test\CodeCoverage\runintegration.bat
	EndProjectSection
EndProject
Project("{8BB2217D-0F2D-49D1-97BC-3654ED321F3B}") = "Microsoft.SqlTools.ServiceLayer.PerfTests", "test\Microsoft.SqlTools.ServiceLayer.PerfTests\Microsoft.SqlTools.ServiceLayer.PerfTests.xproj", "{7E5968AB-83D7-4738-85A2-416A50F13D2F}"
EndProject
Project("{8BB2217D-0F2D-49D1-97BC-3654ED321F3B}") = "Microsoft.SqlTools.ServiceLayer.Test.Common", "test\Microsoft.SqlTools.ServiceLayer.Test.Common\Microsoft.SqlTools.ServiceLayer.Test.Common.xproj", "{B6F4BECE-82EE-4AB6-99AC-108AEE466274}"
EndProject
Project("{8BB2217D-0F2D-49D1-97BC-3654ED321F3B}") = "Microsoft.SqlTools.ServiceLayer.TestDriver.Tests", "test\Microsoft.SqlTools.ServiceLayer.TestDriver.Tests\Microsoft.SqlTools.ServiceLayer.TestDriver.Tests.xproj", "{E7CF630E-E084-4DA4-BF69-F61BF0A8F5BE}"
EndProject
Project("{8BB2217D-0F2D-49D1-97BC-3654ED321F3B}") = "Microsoft.SqlTools.ServiceLayer.TestEnvConfig", "test\Microsoft.SqlTools.ServiceLayer.TestEnvConfig\Microsoft.SqlTools.ServiceLayer.TestEnvConfig.xproj", "{6CF2E945-C7D1-44B5-9E28-ADDD09E3E983}"
EndProject
Global
	GlobalSection(SolutionConfigurationPlatforms) = preSolution
		Debug|Any CPU = Debug|Any CPU
		Integration|Any CPU = Integration|Any CPU
		Release|Any CPU = Release|Any CPU
	EndGlobalSection
	GlobalSection(ProjectConfigurationPlatforms) = postSolution
		{0D61DC2B-DA66-441D-B9D0-F76C98F780F9}.Debug|Any CPU.ActiveCfg = Debug|Any CPU
		{0D61DC2B-DA66-441D-B9D0-F76C98F780F9}.Debug|Any CPU.Build.0 = Debug|Any CPU
		{0D61DC2B-DA66-441D-B9D0-F76C98F780F9}.Integration|Any CPU.ActiveCfg = Integration|Any CPU
		{0D61DC2B-DA66-441D-B9D0-F76C98F780F9}.Integration|Any CPU.Build.0 = Integration|Any CPU
		{0D61DC2B-DA66-441D-B9D0-F76C98F780F9}.Release|Any CPU.ActiveCfg = Release|Any CPU
		{0D61DC2B-DA66-441D-B9D0-F76C98F780F9}.Release|Any CPU.Build.0 = Release|Any CPU
		{2D771D16-9D85-4053-9F79-E2034737DEEF}.Debug|Any CPU.ActiveCfg = Debug|Any CPU
		{2D771D16-9D85-4053-9F79-E2034737DEEF}.Debug|Any CPU.Build.0 = Debug|Any CPU
		{2D771D16-9D85-4053-9F79-E2034737DEEF}.Integration|Any CPU.ActiveCfg = Integration|Any CPU
		{2D771D16-9D85-4053-9F79-E2034737DEEF}.Integration|Any CPU.Build.0 = Integration|Any CPU
		{2D771D16-9D85-4053-9F79-E2034737DEEF}.Release|Any CPU.ActiveCfg = Release|Any CPU
		{2D771D16-9D85-4053-9F79-E2034737DEEF}.Release|Any CPU.Build.0 = Release|Any CPU
		{CC785604-6277-4878-8DA9-360C47158E96}.Debug|Any CPU.ActiveCfg = Debug|Any CPU
		{CC785604-6277-4878-8DA9-360C47158E96}.Debug|Any CPU.Build.0 = Debug|Any CPU
		{CC785604-6277-4878-8DA9-360C47158E96}.Integration|Any CPU.ActiveCfg = Release|Any CPU
		{CC785604-6277-4878-8DA9-360C47158E96}.Integration|Any CPU.Build.0 = Release|Any CPU
		{CC785604-6277-4878-8DA9-360C47158E96}.Release|Any CPU.ActiveCfg = Release|Any CPU
		{CC785604-6277-4878-8DA9-360C47158E96}.Release|Any CPU.Build.0 = Release|Any CPU
		{7E5968AB-83D7-4738-85A2-416A50F13D2F}.Debug|Any CPU.ActiveCfg = Debug|Any CPU
		{7E5968AB-83D7-4738-85A2-416A50F13D2F}.Debug|Any CPU.Build.0 = Debug|Any CPU
		{7E5968AB-83D7-4738-85A2-416A50F13D2F}.Integration|Any CPU.ActiveCfg = Release|Any CPU
		{7E5968AB-83D7-4738-85A2-416A50F13D2F}.Integration|Any CPU.Build.0 = Release|Any CPU
		{7E5968AB-83D7-4738-85A2-416A50F13D2F}.Release|Any CPU.ActiveCfg = Release|Any CPU
		{7E5968AB-83D7-4738-85A2-416A50F13D2F}.Release|Any CPU.Build.0 = Release|Any CPU
		{B6F4BECE-82EE-4AB6-99AC-108AEE466274}.Debug|Any CPU.ActiveCfg = Debug|Any CPU
		{B6F4BECE-82EE-4AB6-99AC-108AEE466274}.Debug|Any CPU.Build.0 = Debug|Any CPU
		{B6F4BECE-82EE-4AB6-99AC-108AEE466274}.Integration|Any CPU.ActiveCfg = Debug|Any CPU
		{B6F4BECE-82EE-4AB6-99AC-108AEE466274}.Integration|Any CPU.Build.0 = Debug|Any CPU
		{B6F4BECE-82EE-4AB6-99AC-108AEE466274}.Release|Any CPU.ActiveCfg = Release|Any CPU
		{B6F4BECE-82EE-4AB6-99AC-108AEE466274}.Release|Any CPU.Build.0 = Release|Any CPU
		{E7CF630E-E084-4DA4-BF69-F61BF0A8F5BE}.Debug|Any CPU.ActiveCfg = Debug|Any CPU
		{E7CF630E-E084-4DA4-BF69-F61BF0A8F5BE}.Debug|Any CPU.Build.0 = Debug|Any CPU
		{E7CF630E-E084-4DA4-BF69-F61BF0A8F5BE}.Integration|Any CPU.ActiveCfg = Debug|Any CPU
		{E7CF630E-E084-4DA4-BF69-F61BF0A8F5BE}.Integration|Any CPU.Build.0 = Debug|Any CPU
		{E7CF630E-E084-4DA4-BF69-F61BF0A8F5BE}.Release|Any CPU.ActiveCfg = Release|Any CPU
		{E7CF630E-E084-4DA4-BF69-F61BF0A8F5BE}.Release|Any CPU.Build.0 = Release|Any CPU
		{6CF2E945-C7D1-44B5-9E28-ADDD09E3E983}.Debug|Any CPU.ActiveCfg = Debug|Any CPU
		{6CF2E945-C7D1-44B5-9E28-ADDD09E3E983}.Debug|Any CPU.Build.0 = Debug|Any CPU
		{6CF2E945-C7D1-44B5-9E28-ADDD09E3E983}.Integration|Any CPU.ActiveCfg = Debug|Any CPU
		{6CF2E945-C7D1-44B5-9E28-ADDD09E3E983}.Integration|Any CPU.Build.0 = Debug|Any CPU
		{6CF2E945-C7D1-44B5-9E28-ADDD09E3E983}.Release|Any CPU.ActiveCfg = Release|Any CPU
		{6CF2E945-C7D1-44B5-9E28-ADDD09E3E983}.Release|Any CPU.Build.0 = Release|Any CPU
	EndGlobalSection
	GlobalSection(SolutionProperties) = preSolution
		HideSolutionNode = FALSE
	EndGlobalSection
	GlobalSection(NestedProjects) = preSolution
		{0D61DC2B-DA66-441D-B9D0-F76C98F780F9} = {2BBD7364-054F-4693-97CD-1C395E3E84A9}
		{2D771D16-9D85-4053-9F79-E2034737DEEF} = {AB9CA2B8-6F70-431C-8A1D-67479D8A7BE4}
		{CC785604-6277-4878-8DA9-360C47158E96} = {AB9CA2B8-6F70-431C-8A1D-67479D8A7BE4}
		{B7D21727-2926-452B-9610-3ADB0BB6D789} = {F9978D78-78FE-4E92-A7D6-D436B7683EF6}
		{87D9C7D9-18F4-4AB9-B20D-66C02B6075E2} = {AB9CA2B8-6F70-431C-8A1D-67479D8A7BE4}
		{7E5968AB-83D7-4738-85A2-416A50F13D2F} = {AB9CA2B8-6F70-431C-8A1D-67479D8A7BE4}
		{B6F4BECE-82EE-4AB6-99AC-108AEE466274} = {AB9CA2B8-6F70-431C-8A1D-67479D8A7BE4}
		{E7CF630E-E084-4DA4-BF69-F61BF0A8F5BE} = {AB9CA2B8-6F70-431C-8A1D-67479D8A7BE4}
		{6CF2E945-C7D1-44B5-9E28-ADDD09E3E983} = {AB9CA2B8-6F70-431C-8A1D-67479D8A7BE4}
	EndGlobalSection
EndGlobal
