Microsoft Visual Studio Solution File, Format Version 12.00
Project("{9A19103F-16F7-4668-BE54-9A1E7A4F7556}") = "Microsoft.SqlTools.ServiceLayer.UnitTests", "Microsoft.SqlTools.ServiceLayer.UnitTests.csproj", "{81CCA500-2487-481C-BBF5-30358A54DF3B}"
EndProject
Project("{9A19103F-16F7-4668-BE54-9A1E7A4F7556}") = "Microsoft.SqlTools.Authentication", "..\..\src\Microsoft.SqlTools.Authentication\Microsoft.SqlTools.Authentication.csproj", "{BF8503E2-507A-42B8-9C06-B15B4F1261E3}"
EndProject
Project("{9A19103F-16F7-4668-BE54-9A1E7A4F7556}") = "Microsoft.SqlTools.Connectors.VSCode", "..\..\src\Microsoft.SqlTools.Connectors.VSCode\Microsoft.SqlTools.Connectors.VSCode.csproj", "{2DC39797-363B-4FED-83A3-E19D0E3083EC}"
EndProject
Project("{9A19103F-16F7-4668-BE54-9A1E7A4F7556}") = "Microsoft.SqlTools.Credentials", "..\..\src\Microsoft.SqlTools.Credentials\Microsoft.SqlTools.Credentials.csproj", "{E5EAD4E6-2A23-4746-AE5E-7AAC891443E6}"
EndProject
Project("{9A19103F-16F7-4668-BE54-9A1E7A4F7556}") = "Microsoft.SqlTools.Hosting", "..\..\src\Microsoft.SqlTools.Hosting\Microsoft.SqlTools.Hosting.csproj", "{9CEF6BD2-7509-4893-BD88-426C902B9476}"
EndProject
Project("{9A19103F-16F7-4668-BE54-9A1E7A4F7556}") = "Microsoft.SqlTools.ManagedBatchParser", "..\..\src\Microsoft.SqlTools.ManagedBatchParser\Microsoft.SqlTools.ManagedBatchParser.csproj", "{FE42FDC9-E2C6-46BE-A26D-0668CB44C14C}"
EndProject
Project("{9A19103F-16F7-4668-BE54-9A1E7A4F7556}") = "Microsoft.SqlTools.ResourceProvider.Core", "..\..\src\Microsoft.SqlTools.ResourceProvider.Core\Microsoft.SqlTools.ResourceProvider.Core.csproj", "{DC79507E-76C9-43FD-9FC4-5705AF174A42}"
EndProject
Project("{9A19103F-16F7-4668-BE54-9A1E7A4F7556}") = "Microsoft.SqlTools.ResourceProvider.DefaultImpl", "..\..\src\Microsoft.SqlTools.ResourceProvider.DefaultImpl\Microsoft.SqlTools.ResourceProvider.DefaultImpl.csproj", "{A64CAE91-B371-43BE-8668-9010536ECA67}"
EndProject
Project("{9A19103F-16F7-4668-BE54-9A1E7A4F7556}") = "Microsoft.SqlTools.ResourceProvider", "..\..\src\Microsoft.SqlTools.ResourceProvider\Microsoft.SqlTools.ResourceProvider.csproj", "{DC6FD69C-16F0-402E-AE0C-E09098E9F1DB}"
EndProject
Project("{9A19103F-16F7-4668-BE54-9A1E7A4F7556}") = "Microsoft.SqlTools.ServiceLayer", "..\..\src\Microsoft.SqlTools.ServiceLayer\Microsoft.SqlTools.ServiceLayer.csproj", "{F47FD838-FB6A-4137-B82A-EC5D3C6149E3}"
EndProject
Project("{9A19103F-16F7-4668-BE54-9A1E7A4F7556}") = "Microsoft.SqlTools.SqlCore", "..\..\src\Microsoft.SqlTools.SqlCore\Microsoft.SqlTools.SqlCore.csproj", "{42C93581-18AF-4912-B039-25AB36994471}"
EndProject
Project("{9A19103F-16F7-4668-BE54-9A1E7A4F7556}") = "Microsoft.SqlTools.ServiceLayer.Test.Common", "..\Microsoft.SqlTools.ServiceLayer.Test.Common\Microsoft.SqlTools.ServiceLayer.Test.Common.csproj", "{407D0745-51E0-46B7-A03A-1A3FE023F9CB}"
EndProject
Project("{9A19103F-16F7-4668-BE54-9A1E7A4F7556}") = "Microsoft.SqlTools.ServiceLayer.TestDriver", "..\Microsoft.SqlTools.ServiceLayer.TestDriver\Microsoft.SqlTools.ServiceLayer.TestDriver.csproj", "{0C89A11C-8732-45ED-AABC-FD34B21204F7}"
EndProject
Global
	GlobalSection(SolutionConfigurationPlatforms) = preSolution
		Debug|Any CPU = Debug|Any CPU
		Release|Any CPU = Release|Any CPU
	EndGlobalSection
	GlobalSection(ProjectConfigurationPlatforms) = postSolution
		{81CCA500-2487-481C-BBF5-30358A54DF3B}.Debug|Any CPU.ActiveCfg = Debug|Any CPU
		{81CCA500-2487-481C-BBF5-30358A54DF3B}.Debug|Any CPU.Build.0 = Debug|Any CPU
		{81CCA500-2487-481C-BBF5-30358A54DF3B}.Release|Any CPU.ActiveCfg = Release|Any CPU
		{81CCA500-2487-481C-BBF5-30358A54DF3B}.Release|Any CPU.Build.0 = Release|Any CPU
		{BF8503E2-507A-42B8-9C06-B15B4F1261E3}.Debug|Any CPU.ActiveCfg = Debug|Any CPU
		{BF8503E2-507A-42B8-9C06-B15B4F1261E3}.Debug|Any CPU.Build.0 = Debug|Any CPU
		{BF8503E2-507A-42B8-9C06-B15B4F1261E3}.Release|Any CPU.ActiveCfg = Release|Any CPU
		{BF8503E2-507A-42B8-9C06-B15B4F1261E3}.Release|Any CPU.Build.0 = Release|Any CPU
		{2DC39797-363B-4FED-83A3-E19D0E3083EC}.Debug|Any CPU.ActiveCfg = Debug|Any CPU
		{2DC39797-363B-4FED-83A3-E19D0E3083EC}.Debug|Any CPU.Build.0 = Debug|Any CPU
		{2DC39797-363B-4FED-83A3-E19D0E3083EC}.Release|Any CPU.ActiveCfg = Release|Any CPU
		{2DC39797-363B-4FED-83A3-E19D0E3083EC}.Release|Any CPU.Build.0 = Release|Any CPU
		{E5EAD4E6-2A23-4746-AE5E-7AAC891443E6}.Debug|Any CPU.ActiveCfg = Debug|Any CPU
		{E5EAD4E6-2A23-4746-AE5E-7AAC891443E6}.Debug|Any CPU.Build.0 = Debug|Any CPU
		{E5EAD4E6-2A23-4746-AE5E-7AAC891443E6}.Release|Any CPU.ActiveCfg = Release|Any CPU
		{E5EAD4E6-2A23-4746-AE5E-7AAC891443E6}.Release|Any CPU.Build.0 = Release|Any CPU
		{9CEF6BD2-7509-4893-BD88-426C902B9476}.Debug|Any CPU.ActiveCfg = Debug|Any CPU
		{9CEF6BD2-7509-4893-BD88-426C902B9476}.Debug|Any CPU.Build.0 = Debug|Any CPU
		{9CEF6BD2-7509-4893-BD88-426C902B9476}.Release|Any CPU.ActiveCfg = Release|Any CPU
		{9CEF6BD2-7509-4893-BD88-426C902B9476}.Release|Any CPU.Build.0 = Release|Any CPU
		{FE42FDC9-E2C6-46BE-A26D-0668CB44C14C}.Debug|Any CPU.ActiveCfg = Debug|Any CPU
		{FE42FDC9-E2C6-46BE-A26D-0668CB44C14C}.Debug|Any CPU.Build.0 = Debug|Any CPU
		{FE42FDC9-E2C6-46BE-A26D-0668CB44C14C}.Release|Any CPU.ActiveCfg = Release|Any CPU
		{FE42FDC9-E2C6-46BE-A26D-0668CB44C14C}.Release|Any CPU.Build.0 = Release|Any CPU
		{DC79507E-76C9-43FD-9FC4-5705AF174A42}.Debug|Any CPU.ActiveCfg = Debug|Any CPU
		{DC79507E-76C9-43FD-9FC4-5705AF174A42}.Debug|Any CPU.Build.0 = Debug|Any CPU
		{DC79507E-76C9-43FD-9FC4-5705AF174A42}.Release|Any CPU.ActiveCfg = Release|Any CPU
		{DC79507E-76C9-43FD-9FC4-5705AF174A42}.Release|Any CPU.Build.0 = Release|Any CPU
		{A64CAE91-B371-43BE-8668-9010536ECA67}.Debug|Any CPU.ActiveCfg = Debug|Any CPU
		{A64CAE91-B371-43BE-8668-9010536ECA67}.Debug|Any CPU.Build.0 = Debug|Any CPU
		{A64CAE91-B371-43BE-8668-9010536ECA67}.Release|Any CPU.ActiveCfg = Release|Any CPU
		{A64CAE91-B371-43BE-8668-9010536ECA67}.Release|Any CPU.Build.0 = Release|Any CPU
		{DC6FD69C-16F0-402E-AE0C-E09098E9F1DB}.Debug|Any CPU.ActiveCfg = Debug|Any CPU
		{DC6FD69C-16F0-402E-AE0C-E09098E9F1DB}.Debug|Any CPU.Build.0 = Debug|Any CPU
		{DC6FD69C-16F0-402E-AE0C-E09098E9F1DB}.Release|Any CPU.ActiveCfg = Release|Any CPU
		{DC6FD69C-16F0-402E-AE0C-E09098E9F1DB}.Release|Any CPU.Build.0 = Release|Any CPU
		{F47FD838-FB6A-4137-B82A-EC5D3C6149E3}.Debug|Any CPU.ActiveCfg = Debug|Any CPU
		{F47FD838-FB6A-4137-B82A-EC5D3C6149E3}.Debug|Any CPU.Build.0 = Debug|Any CPU
		{F47FD838-FB6A-4137-B82A-EC5D3C6149E3}.Release|Any CPU.ActiveCfg = Release|Any CPU
		{F47FD838-FB6A-4137-B82A-EC5D3C6149E3}.Release|Any CPU.Build.0 = Release|Any CPU
		{42C93581-18AF-4912-B039-25AB36994471}.Debug|Any CPU.ActiveCfg = Debug|Any CPU
		{42C93581-18AF-4912-B039-25AB36994471}.Debug|Any CPU.Build.0 = Debug|Any CPU
		{42C93581-18AF-4912-B039-25AB36994471}.Release|Any CPU.ActiveCfg = Release|Any CPU
		{42C93581-18AF-4912-B039-25AB36994471}.Release|Any CPU.Build.0 = Release|Any CPU
		{407D0745-51E0-46B7-A03A-1A3FE023F9CB}.Debug|Any CPU.ActiveCfg = Debug|Any CPU
		{407D0745-51E0-46B7-A03A-1A3FE023F9CB}.Debug|Any CPU.Build.0 = Debug|Any CPU
		{407D0745-51E0-46B7-A03A-1A3FE023F9CB}.Release|Any CPU.ActiveCfg = Release|Any CPU
		{407D0745-51E0-46B7-A03A-1A3FE023F9CB}.Release|Any CPU.Build.0 = Release|Any CPU
		{0C89A11C-8732-45ED-AABC-FD34B21204F7}.Debug|Any CPU.ActiveCfg = Debug|Any CPU
		{0C89A11C-8732-45ED-AABC-FD34B21204F7}.Debug|Any CPU.Build.0 = Debug|Any CPU
		{0C89A11C-8732-45ED-AABC-FD34B21204F7}.Release|Any CPU.ActiveCfg = Release|Any CPU
		{0C89A11C-8732-45ED-AABC-FD34B21204F7}.Release|Any CPU.Build.0 = Release|Any CPU
	EndGlobalSection
	GlobalSection(SolutionProperties) = preSolution
		HideSolutionNode = FALSE
	EndGlobalSection
	GlobalSection(ExtensibilityGlobals) = postSolution
		SolutionGuid = {4A69DC50-D08B-4120-BE4A-CDC7468DABA9}
	EndGlobalSection
EndGlobal
