
Microsoft Visual Studio Solution File, Format Version 12.00
# Visual Studio Version 18
VisualStudioVersion = 18.4.11612.150 stable
MinimumVisualStudioVersion = 10.0.40219.1
Project("{9A19103F-16F7-4668-BE54-9A1E7A4F7556}") = "Microsoft.SqlTools.Hosting", "Microsoft.SqlTools.Hosting.csproj", "{13079D21-48FF-4C1E-A613-A10C49CABAFC}"
EndProject
Project("{9A19103F-16F7-4668-BE54-9A1E7A4F7556}") = "Microsoft.Kusto.ServiceLayer", "..\Microsoft.Kusto.ServiceLayer\Microsoft.Kusto.ServiceLayer.csproj", "{84E4071C-C126-49BB-B385-C34CD2F3E991}"
EndProject
Project("{9A19103F-16F7-4668-BE54-9A1E7A4F7556}") = "Microsoft.SqlTools.Authentication", "..\Microsoft.SqlTools.Authentication\Microsoft.SqlTools.Authentication.csproj", "{C4CDA890-3DDD-47B2-B5EA-907E6A6D2FD1}"
EndProject
Project("{9A19103F-16F7-4668-BE54-9A1E7A4F7556}") = "Microsoft.SqlTools.Connectors.VSCode", "..\Microsoft.SqlTools.Connectors.VSCode\Microsoft.SqlTools.Connectors.VSCode.csproj", "{FE9CA55A-A14B-4145-87E3-D063DB800B4F}"
EndProject
Project("{9A19103F-16F7-4668-BE54-9A1E7A4F7556}") = "Microsoft.SqlTools.Credentials", "..\Microsoft.SqlTools.Credentials\Microsoft.SqlTools.Credentials.csproj", "{2E9D53E6-6CC1-476D-81D9-17274237BEA1}"
EndProject
Project("{9A19103F-16F7-4668-BE54-9A1E7A4F7556}") = "Microsoft.SqlTools.ManagedBatchParser", "..\Microsoft.SqlTools.ManagedBatchParser\Microsoft.SqlTools.ManagedBatchParser.csproj", "{D0DA554C-C71A-4345-9F95-AE4365C74D8C}"
EndProject
Project("{9A19103F-16F7-4668-BE54-9A1E7A4F7556}") = "Microsoft.SqlTools.Migration", "..\Microsoft.SqlTools.Migration\Microsoft.SqlTools.Migration.csproj", "{EAE81CCA-5C88-4D46-A0C9-C0DD98EE688A}"
EndProject
Project("{9A19103F-16F7-4668-BE54-9A1E7A4F7556}") = "Microsoft.SqlTools.ResourceProvider.Core", "..\Microsoft.SqlTools.ResourceProvider.Core\Microsoft.SqlTools.ResourceProvider.Core.csproj", "{F3F56DB2-9617-4BDC-93F8-53405E2769AB}"
EndProject
Project("{9A19103F-16F7-4668-BE54-9A1E7A4F7556}") = "Microsoft.SqlTools.ResourceProvider.DefaultImpl", "..\Microsoft.SqlTools.ResourceProvider.DefaultImpl\Microsoft.SqlTools.ResourceProvider.DefaultImpl.csproj", "{D10692E5-BDE4-4613-9749-3FB9603720CB}"
EndProject
Project("{9A19103F-16F7-4668-BE54-9A1E7A4F7556}") = "Microsoft.SqlTools.ResourceProvider", "..\Microsoft.SqlTools.ResourceProvider\Microsoft.SqlTools.ResourceProvider.csproj", "{70A3501A-6FE2-4D46-9D27-3E541579AE1A}"
EndProject
Project("{9A19103F-16F7-4668-BE54-9A1E7A4F7556}") = "Microsoft.SqlTools.ServiceLayer", "..\Microsoft.SqlTools.ServiceLayer\Microsoft.SqlTools.ServiceLayer.csproj", "{63DFD144-36E4-448B-8127-784A26F403D2}"
EndProject
Project("{9A19103F-16F7-4668-BE54-9A1E7A4F7556}") = "Microsoft.SqlTools.SqlCore", "..\Microsoft.SqlTools.SqlCore\Microsoft.SqlTools.SqlCore.csproj", "{8BCC49C0-352A-4556-838C-C76D0722D915}"
EndProject
Project("{9A19103F-16F7-4668-BE54-9A1E7A4F7556}") = "Microsoft.Kusto.ServiceLayer.UnitTests", "..\..\test\Microsoft.Kusto.ServiceLayer.UnitTests\Microsoft.Kusto.ServiceLayer.UnitTests.csproj", "{2EEC8771-5D8B-4BC6-A407-8CDEAE202D31}"
EndProject
Project("{9A19103F-16F7-4668-BE54-9A1E7A4F7556}") = "Microsoft.SqlTools.Authentication.UnitTests", "..\..\test\Microsoft.SqlTools.Authentication.UnitTests\Microsoft.SqlTools.Authentication.UnitTests.csproj", "{60123655-DE88-455F-9D33-FB375F42921C}"
EndProject
Project("{9A19103F-16F7-4668-BE54-9A1E7A4F7556}") = "Microsoft.SqlTools.ManagedBatchParser.IntegrationTests", "..\..\test\Microsoft.SqlTools.ManagedBatchParser.IntegrationTests\Microsoft.SqlTools.ManagedBatchParser.IntegrationTests.csproj", "{FF2EF8B5-B195-433B-A377-8C6B95730913}"
EndProject
Project("{9A19103F-16F7-4668-BE54-9A1E7A4F7556}") = "Microsoft.SqlTools.Migration.IntegrationTests", "..\..\test\Microsoft.SqlTools.Migration.IntegrationTests\Microsoft.SqlTools.Migration.IntegrationTests.csproj", "{078FA48B-F341-4C02-98FC-6E31090CED26}"
EndProject
Project("{9A19103F-16F7-4668-BE54-9A1E7A4F7556}") = "Microsoft.SqlTools.ServiceLayer.IntegrationTests", "..\..\test\Microsoft.SqlTools.ServiceLayer.IntegrationTests\Microsoft.SqlTools.ServiceLayer.IntegrationTests.csproj", "{493B18FC-7C57-4B98-9299-7503875C2E7D}"
EndProject
Project("{9A19103F-16F7-4668-BE54-9A1E7A4F7556}") = "Microsoft.SqlTools.ServiceLayer.PerfTests", "..\..\test\Microsoft.SqlTools.ServiceLayer.PerfTests\Microsoft.SqlTools.ServiceLayer.PerfTests.csproj", "{F186A11B-E670-4313-BFFF-63BF96587490}"
EndProject
Project("{9A19103F-16F7-4668-BE54-9A1E7A4F7556}") = "Microsoft.SqlTools.ServiceLayer.Test.Common", "..\..\test\Microsoft.SqlTools.ServiceLayer.Test.Common\Microsoft.SqlTools.ServiceLayer.Test.Common.csproj", "{A719CD90-2E6A-40A8-B3A9-6B826CF99C5A}"
EndProject
Project("{9A19103F-16F7-4668-BE54-9A1E7A4F7556}") = "Microsoft.SqlTools.ServiceLayer.TestDriver.Tests", "..\..\test\Microsoft.SqlTools.ServiceLayer.TestDriver.Tests\Microsoft.SqlTools.ServiceLayer.TestDriver.Tests.csproj", "{83168D4A-F863-43C7-89AC-8E038D383625}"
EndProject
Project("{9A19103F-16F7-4668-BE54-9A1E7A4F7556}") = "Microsoft.SqlTools.ServiceLayer.TestDriver", "..\..\test\Microsoft.SqlTools.ServiceLayer.TestDriver\Microsoft.SqlTools.ServiceLayer.TestDriver.csproj", "{27393A35-CDF9-4779-BC0D-5F1990FE9634}"
EndProject
Project("{9A19103F-16F7-4668-BE54-9A1E7A4F7556}") = "Microsoft.SqlTools.ServiceLayer.TestEnvConfig", "..\..\test\Microsoft.SqlTools.ServiceLayer.TestEnvConfig\Microsoft.SqlTools.ServiceLayer.TestEnvConfig.csproj", "{8510D2F3-7004-4752-A6AD-767E49648003}"
EndProject
Project("{9A19103F-16F7-4668-BE54-9A1E7A4F7556}") = "Microsoft.SqlTools.ServiceLayer.UnitTests", "..\..\test\Microsoft.SqlTools.ServiceLayer.UnitTests\Microsoft.SqlTools.ServiceLayer.UnitTests.csproj", "{96E8C785-D836-46AF-8CF9-6120210DC791}"
EndProject
Project("{9A19103F-16F7-4668-BE54-9A1E7A4F7556}") = "Microsoft.SqlTools.Test.CompletionExtension", "..\..\test\Microsoft.SqlTools.Test.CompletionExtension\Microsoft.SqlTools.Test.CompletionExtension.csproj", "{D9A542FC-CBC7-4919-B4EA-D33BF21C9E6B}"
EndProject
Project("{9A19103F-16F7-4668-BE54-9A1E7A4F7556}") = "ScriptGenerator", "..\..\test\ScriptGenerator\ScriptGenerator.csproj", "{F61A5B54-1192-4DF9-808C-1C59EC76EB00}"
EndProject
Global
	GlobalSection(SolutionConfigurationPlatforms) = preSolution
		Debug|Any CPU = Debug|Any CPU
		Release|Any CPU = Release|Any CPU
	EndGlobalSection
	GlobalSection(ProjectConfigurationPlatforms) = postSolution
		{13079D21-48FF-4C1E-A613-A10C49CABAFC}.Debug|Any CPU.ActiveCfg = Debug|Any CPU
		{13079D21-48FF-4C1E-A613-A10C49CABAFC}.Debug|Any CPU.Build.0 = Debug|Any CPU
		{13079D21-48FF-4C1E-A613-A10C49CABAFC}.Release|Any CPU.ActiveCfg = Release|Any CPU
		{13079D21-48FF-4C1E-A613-A10C49CABAFC}.Release|Any CPU.Build.0 = Release|Any CPU
		{84E4071C-C126-49BB-B385-C34CD2F3E991}.Debug|Any CPU.ActiveCfg = Debug|Any CPU
		{84E4071C-C126-49BB-B385-C34CD2F3E991}.Debug|Any CPU.Build.0 = Debug|Any CPU
		{84E4071C-C126-49BB-B385-C34CD2F3E991}.Release|Any CPU.ActiveCfg = Release|Any CPU
		{84E4071C-C126-49BB-B385-C34CD2F3E991}.Release|Any CPU.Build.0 = Release|Any CPU
		{C4CDA890-3DDD-47B2-B5EA-907E6A6D2FD1}.Debug|Any CPU.ActiveCfg = Debug|Any CPU
		{C4CDA890-3DDD-47B2-B5EA-907E6A6D2FD1}.Debug|Any CPU.Build.0 = Debug|Any CPU
		{C4CDA890-3DDD-47B2-B5EA-907E6A6D2FD1}.Release|Any CPU.ActiveCfg = Release|Any CPU
		{C4CDA890-3DDD-47B2-B5EA-907E6A6D2FD1}.Release|Any CPU.Build.0 = Release|Any CPU
		{FE9CA55A-A14B-4145-87E3-D063DB800B4F}.Debug|Any CPU.ActiveCfg = Debug|Any CPU
		{FE9CA55A-A14B-4145-87E3-D063DB800B4F}.Debug|Any CPU.Build.0 = Debug|Any CPU
		{FE9CA55A-A14B-4145-87E3-D063DB800B4F}.Release|Any CPU.ActiveCfg = Release|Any CPU
		{FE9CA55A-A14B-4145-87E3-D063DB800B4F}.Release|Any CPU.Build.0 = Release|Any CPU
		{2E9D53E6-6CC1-476D-81D9-17274237BEA1}.Debug|Any CPU.ActiveCfg = Debug|Any CPU
		{2E9D53E6-6CC1-476D-81D9-17274237BEA1}.Debug|Any CPU.Build.0 = Debug|Any CPU
		{2E9D53E6-6CC1-476D-81D9-17274237BEA1}.Release|Any CPU.ActiveCfg = Release|Any CPU
		{2E9D53E6-6CC1-476D-81D9-17274237BEA1}.Release|Any CPU.Build.0 = Release|Any CPU
		{D0DA554C-C71A-4345-9F95-AE4365C74D8C}.Debug|Any CPU.ActiveCfg = Debug|Any CPU
		{D0DA554C-C71A-4345-9F95-AE4365C74D8C}.Debug|Any CPU.Build.0 = Debug|Any CPU
		{D0DA554C-C71A-4345-9F95-AE4365C74D8C}.Release|Any CPU.ActiveCfg = Release|Any CPU
		{D0DA554C-C71A-4345-9F95-AE4365C74D8C}.Release|Any CPU.Build.0 = Release|Any CPU
		{EAE81CCA-5C88-4D46-A0C9-C0DD98EE688A}.Debug|Any CPU.ActiveCfg = Debug|Any CPU
		{EAE81CCA-5C88-4D46-A0C9-C0DD98EE688A}.Debug|Any CPU.Build.0 = Debug|Any CPU
		{EAE81CCA-5C88-4D46-A0C9-C0DD98EE688A}.Release|Any CPU.ActiveCfg = Release|Any CPU
		{EAE81CCA-5C88-4D46-A0C9-C0DD98EE688A}.Release|Any CPU.Build.0 = Release|Any CPU
		{F3F56DB2-9617-4BDC-93F8-53405E2769AB}.Debug|Any CPU.ActiveCfg = Debug|Any CPU
		{F3F56DB2-9617-4BDC-93F8-53405E2769AB}.Debug|Any CPU.Build.0 = Debug|Any CPU
		{F3F56DB2-9617-4BDC-93F8-53405E2769AB}.Release|Any CPU.ActiveCfg = Release|Any CPU
		{F3F56DB2-9617-4BDC-93F8-53405E2769AB}.Release|Any CPU.Build.0 = Release|Any CPU
		{D10692E5-BDE4-4613-9749-3FB9603720CB}.Debug|Any CPU.ActiveCfg = Debug|Any CPU
		{D10692E5-BDE4-4613-9749-3FB9603720CB}.Debug|Any CPU.Build.0 = Debug|Any CPU
		{D10692E5-BDE4-4613-9749-3FB9603720CB}.Release|Any CPU.ActiveCfg = Release|Any CPU
		{D10692E5-BDE4-4613-9749-3FB9603720CB}.Release|Any CPU.Build.0 = Release|Any CPU
		{70A3501A-6FE2-4D46-9D27-3E541579AE1A}.Debug|Any CPU.ActiveCfg = Debug|Any CPU
		{70A3501A-6FE2-4D46-9D27-3E541579AE1A}.Debug|Any CPU.Build.0 = Debug|Any CPU
		{70A3501A-6FE2-4D46-9D27-3E541579AE1A}.Release|Any CPU.ActiveCfg = Release|Any CPU
		{70A3501A-6FE2-4D46-9D27-3E541579AE1A}.Release|Any CPU.Build.0 = Release|Any CPU
		{63DFD144-36E4-448B-8127-784A26F403D2}.Debug|Any CPU.ActiveCfg = Debug|Any CPU
		{63DFD144-36E4-448B-8127-784A26F403D2}.Debug|Any CPU.Build.0 = Debug|Any CPU
		{63DFD144-36E4-448B-8127-784A26F403D2}.Release|Any CPU.ActiveCfg = Release|Any CPU
		{63DFD144-36E4-448B-8127-784A26F403D2}.Release|Any CPU.Build.0 = Release|Any CPU
		{8BCC49C0-352A-4556-838C-C76D0722D915}.Debug|Any CPU.ActiveCfg = Debug|Any CPU
		{8BCC49C0-352A-4556-838C-C76D0722D915}.Debug|Any CPU.Build.0 = Debug|Any CPU
		{8BCC49C0-352A-4556-838C-C76D0722D915}.Release|Any CPU.ActiveCfg = Release|Any CPU
		{8BCC49C0-352A-4556-838C-C76D0722D915}.Release|Any CPU.Build.0 = Release|Any CPU
		{2EEC8771-5D8B-4BC6-A407-8CDEAE202D31}.Debug|Any CPU.ActiveCfg = Debug|Any CPU
		{2EEC8771-5D8B-4BC6-A407-8CDEAE202D31}.Debug|Any CPU.Build.0 = Debug|Any CPU
		{2EEC8771-5D8B-4BC6-A407-8CDEAE202D31}.Release|Any CPU.ActiveCfg = Release|Any CPU
		{2EEC8771-5D8B-4BC6-A407-8CDEAE202D31}.Release|Any CPU.Build.0 = Release|Any CPU
		{60123655-DE88-455F-9D33-FB375F42921C}.Debug|Any CPU.ActiveCfg = Debug|Any CPU
		{60123655-DE88-455F-9D33-FB375F42921C}.Debug|Any CPU.Build.0 = Debug|Any CPU
		{60123655-DE88-455F-9D33-FB375F42921C}.Release|Any CPU.ActiveCfg = Release|Any CPU
		{60123655-DE88-455F-9D33-FB375F42921C}.Release|Any CPU.Build.0 = Release|Any CPU
		{FF2EF8B5-B195-433B-A377-8C6B95730913}.Debug|Any CPU.ActiveCfg = Debug|Any CPU
		{FF2EF8B5-B195-433B-A377-8C6B95730913}.Debug|Any CPU.Build.0 = Debug|Any CPU
		{FF2EF8B5-B195-433B-A377-8C6B95730913}.Release|Any CPU.ActiveCfg = Release|Any CPU
		{FF2EF8B5-B195-433B-A377-8C6B95730913}.Release|Any CPU.Build.0 = Release|Any CPU
		{078FA48B-F341-4C02-98FC-6E31090CED26}.Debug|Any CPU.ActiveCfg = Debug|Any CPU
		{078FA48B-F341-4C02-98FC-6E31090CED26}.Debug|Any CPU.Build.0 = Debug|Any CPU
		{078FA48B-F341-4C02-98FC-6E31090CED26}.Release|Any CPU.ActiveCfg = Release|Any CPU
		{078FA48B-F341-4C02-98FC-6E31090CED26}.Release|Any CPU.Build.0 = Release|Any CPU
		{493B18FC-7C57-4B98-9299-7503875C2E7D}.Debug|Any CPU.ActiveCfg = Debug|Any CPU
		{493B18FC-7C57-4B98-9299-7503875C2E7D}.Debug|Any CPU.Build.0 = Debug|Any CPU
		{493B18FC-7C57-4B98-9299-7503875C2E7D}.Release|Any CPU.ActiveCfg = Release|Any CPU
		{493B18FC-7C57-4B98-9299-7503875C2E7D}.Release|Any CPU.Build.0 = Release|Any CPU
		{F186A11B-E670-4313-BFFF-63BF96587490}.Debug|Any CPU.ActiveCfg = Debug|Any CPU
		{F186A11B-E670-4313-BFFF-63BF96587490}.Debug|Any CPU.Build.0 = Debug|Any CPU
		{F186A11B-E670-4313-BFFF-63BF96587490}.Release|Any CPU.ActiveCfg = Release|Any CPU
		{F186A11B-E670-4313-BFFF-63BF96587490}.Release|Any CPU.Build.0 = Release|Any CPU
		{A719CD90-2E6A-40A8-B3A9-6B826CF99C5A}.Debug|Any CPU.ActiveCfg = Debug|Any CPU
		{A719CD90-2E6A-40A8-B3A9-6B826CF99C5A}.Debug|Any CPU.Build.0 = Debug|Any CPU
		{A719CD90-2E6A-40A8-B3A9-6B826CF99C5A}.Release|Any CPU.ActiveCfg = Release|Any CPU
		{A719CD90-2E6A-40A8-B3A9-6B826CF99C5A}.Release|Any CPU.Build.0 = Release|Any CPU
		{83168D4A-F863-43C7-89AC-8E038D383625}.Debug|Any CPU.ActiveCfg = Debug|Any CPU
		{83168D4A-F863-43C7-89AC-8E038D383625}.Debug|Any CPU.Build.0 = Debug|Any CPU
		{83168D4A-F863-43C7-89AC-8E038D383625}.Release|Any CPU.ActiveCfg = Release|Any CPU
		{83168D4A-F863-43C7-89AC-8E038D383625}.Release|Any CPU.Build.0 = Release|Any CPU
		{27393A35-CDF9-4779-BC0D-5F1990FE9634}.Debug|Any CPU.ActiveCfg = Debug|Any CPU
		{27393A35-CDF9-4779-BC0D-5F1990FE9634}.Debug|Any CPU.Build.0 = Debug|Any CPU
		{27393A35-CDF9-4779-BC0D-5F1990FE9634}.Release|Any CPU.ActiveCfg = Release|Any CPU
		{27393A35-CDF9-4779-BC0D-5F1990FE9634}.Release|Any CPU.Build.0 = Release|Any CPU
		{8510D2F3-7004-4752-A6AD-767E49648003}.Debug|Any CPU.ActiveCfg = Debug|Any CPU
		{8510D2F3-7004-4752-A6AD-767E49648003}.Debug|Any CPU.Build.0 = Debug|Any CPU
		{8510D2F3-7004-4752-A6AD-767E49648003}.Release|Any CPU.ActiveCfg = Release|Any CPU
		{8510D2F3-7004-4752-A6AD-767E49648003}.Release|Any CPU.Build.0 = Release|Any CPU
		{96E8C785-D836-46AF-8CF9-6120210DC791}.Debug|Any CPU.ActiveCfg = Debug|Any CPU
		{96E8C785-D836-46AF-8CF9-6120210DC791}.Debug|Any CPU.Build.0 = Debug|Any CPU
		{96E8C785-D836-46AF-8CF9-6120210DC791}.Release|Any CPU.ActiveCfg = Release|Any CPU
		{96E8C785-D836-46AF-8CF9-6120210DC791}.Release|Any CPU.Build.0 = Release|Any CPU
		{D9A542FC-CBC7-4919-B4EA-D33BF21C9E6B}.Debug|Any CPU.ActiveCfg = Debug|Any CPU
		{D9A542FC-CBC7-4919-B4EA-D33BF21C9E6B}.Debug|Any CPU.Build.0 = Debug|Any CPU
		{D9A542FC-CBC7-4919-B4EA-D33BF21C9E6B}.Release|Any CPU.ActiveCfg = Release|Any CPU
		{D9A542FC-CBC7-4919-B4EA-D33BF21C9E6B}.Release|Any CPU.Build.0 = Release|Any CPU
		{F61A5B54-1192-4DF9-808C-1C59EC76EB00}.Debug|Any CPU.ActiveCfg = Debug|Any CPU
		{F61A5B54-1192-4DF9-808C-1C59EC76EB00}.Debug|Any CPU.Build.0 = Debug|Any CPU
		{F61A5B54-1192-4DF9-808C-1C59EC76EB00}.Release|Any CPU.ActiveCfg = Release|Any CPU
		{F61A5B54-1192-4DF9-808C-1C59EC76EB00}.Release|Any CPU.Build.0 = Release|Any CPU
	EndGlobalSection
	GlobalSection(SolutionProperties) = preSolution
		HideSolutionNode = FALSE
	EndGlobalSection
	GlobalSection(ExtensibilityGlobals) = postSolution
		SolutionGuid = {C090C2A5-E5D1-40B8-9A69-03B086DEBE56}
	EndGlobalSection
EndGlobal
