Microsoft Visual Studio Solution File, Format Version 12.00
Project("{9A19103F-16F7-4668-BE54-9A1E7A4F7556}") = "Microsoft.SqlTools.SqlCore", "Microsoft.SqlTools.SqlCore.csproj", "{62402DCE-4FCF-4925-AE01-DB92D4579F74}"
EndProject
Project("{9A19103F-16F7-4668-BE54-9A1E7A4F7556}") = "Microsoft.Kusto.ServiceLayer", "..\Microsoft.Kusto.ServiceLayer\Microsoft.Kusto.ServiceLayer.csproj", "{F61D61C1-91AA-46BA-AAFF-BF1475FBE73A}"
EndProject
Project("{9A19103F-16F7-4668-BE54-9A1E7A4F7556}") = "Microsoft.SqlTools.Authentication", "..\Microsoft.SqlTools.Authentication\Microsoft.SqlTools.Authentication.csproj", "{DE16E759-98C7-4C36-B9C1-FB732ACC9D34}"
EndProject
Project("{9A19103F-16F7-4668-BE54-9A1E7A4F7556}") = "Microsoft.SqlTools.Connectors.VSCode", "..\Microsoft.SqlTools.Connectors.VSCode\Microsoft.SqlTools.Connectors.VSCode.csproj", "{1DB80E31-CA29-4741-843A-D022B1A6BEDB}"
EndProject
Project("{9A19103F-16F7-4668-BE54-9A1E7A4F7556}") = "Microsoft.SqlTools.Credentials", "..\Microsoft.SqlTools.Credentials\Microsoft.SqlTools.Credentials.csproj", "{D38FD3C1-93FA-4305-8374-5DDE3FF2A301}"
EndProject
Project("{9A19103F-16F7-4668-BE54-9A1E7A4F7556}") = "Microsoft.SqlTools.Hosting", "..\Microsoft.SqlTools.Hosting\Microsoft.SqlTools.Hosting.csproj", "{1523E2F8-C532-4B0A-94B5-2D98543E5B3C}"
EndProject
Project("{9A19103F-16F7-4668-BE54-9A1E7A4F7556}") = "Microsoft.SqlTools.ManagedBatchParser", "..\Microsoft.SqlTools.ManagedBatchParser\Microsoft.SqlTools.ManagedBatchParser.csproj", "{ECC5D087-6700-422B-9850-52416308DB4C}"
EndProject
Project("{9A19103F-16F7-4668-BE54-9A1E7A4F7556}") = "Microsoft.SqlTools.Migration", "..\Microsoft.SqlTools.Migration\Microsoft.SqlTools.Migration.csproj", "{3D1F7C29-768A-42A4-A4A5-5DCEE24C780F}"
EndProject
Project("{9A19103F-16F7-4668-BE54-9A1E7A4F7556}") = "Microsoft.SqlTools.ResourceProvider.Core", "..\Microsoft.SqlTools.ResourceProvider.Core\Microsoft.SqlTools.ResourceProvider.Core.csproj", "{CC2E8274-BE2C-4BCA-A0C8-3D34F2378258}"
EndProject
Project("{9A19103F-16F7-4668-BE54-9A1E7A4F7556}") = "Microsoft.SqlTools.ResourceProvider.DefaultImpl", "..\Microsoft.SqlTools.ResourceProvider.DefaultImpl\Microsoft.SqlTools.ResourceProvider.DefaultImpl.csproj", "{BE8FB626-C9E5-4480-8DA2-28BE492AC630}"
EndProject
Project("{9A19103F-16F7-4668-BE54-9A1E7A4F7556}") = "Microsoft.SqlTools.ResourceProvider", "..\Microsoft.SqlTools.ResourceProvider\Microsoft.SqlTools.ResourceProvider.csproj", "{02C9DCBC-DB4E-42E9-97E2-BBC57D8ED1F2}"
EndProject
Project("{9A19103F-16F7-4668-BE54-9A1E7A4F7556}") = "Microsoft.SqlTools.ServiceLayer", "..\Microsoft.SqlTools.ServiceLayer\Microsoft.SqlTools.ServiceLayer.csproj", "{0FE1D1B9-519D-4DAB-A94C-66D55E5DC584}"
EndProject
Project("{9A19103F-16F7-4668-BE54-9A1E7A4F7556}") = "Microsoft.Kusto.ServiceLayer.UnitTests", "..\..\test\Microsoft.Kusto.ServiceLayer.UnitTests\Microsoft.Kusto.ServiceLayer.UnitTests.csproj", "{138746E4-8137-4B01-B240-9EF4A0B4DCFD}"
EndProject
Project("{9A19103F-16F7-4668-BE54-9A1E7A4F7556}") = "Microsoft.SqlTools.Authentication.UnitTests", "..\..\test\Microsoft.SqlTools.Authentication.UnitTests\Microsoft.SqlTools.Authentication.UnitTests.csproj", "{65DFEA49-B72A-477E-A3DA-52CB745A5ACC}"
EndProject
Project("{9A19103F-16F7-4668-BE54-9A1E7A4F7556}") = "Microsoft.SqlTools.ManagedBatchParser.IntegrationTests", "..\..\test\Microsoft.SqlTools.ManagedBatchParser.IntegrationTests\Microsoft.SqlTools.ManagedBatchParser.IntegrationTests.csproj", "{D2BF779B-D577-44AC-90B4-49070DE63457}"
EndProject
Project("{9A19103F-16F7-4668-BE54-9A1E7A4F7556}") = "Microsoft.SqlTools.Migration.IntegrationTests", "..\..\test\Microsoft.SqlTools.Migration.IntegrationTests\Microsoft.SqlTools.Migration.IntegrationTests.csproj", "{9AB41C38-E159-4537-BF38-D799224ECDF1}"
EndProject
Project("{9A19103F-16F7-4668-BE54-9A1E7A4F7556}") = "Microsoft.SqlTools.ServiceLayer.IntegrationTests", "..\..\test\Microsoft.SqlTools.ServiceLayer.IntegrationTests\Microsoft.SqlTools.ServiceLayer.IntegrationTests.csproj", "{E2C87C7E-7770-451C-9C3A-2E665EB5A4EC}"
EndProject
Project("{9A19103F-16F7-4668-BE54-9A1E7A4F7556}") = "Microsoft.SqlTools.ServiceLayer.PerfTests", "..\..\test\Microsoft.SqlTools.ServiceLayer.PerfTests\Microsoft.SqlTools.ServiceLayer.PerfTests.csproj", "{4F51D221-A758-42C2-80D1-1EE946D0E69F}"
EndProject
Project("{9A19103F-16F7-4668-BE54-9A1E7A4F7556}") = "Microsoft.SqlTools.ServiceLayer.Test.Common", "..\..\test\Microsoft.SqlTools.ServiceLayer.Test.Common\Microsoft.SqlTools.ServiceLayer.Test.Common.csproj", "{CF266D7B-2386-4267-BD59-7994F8790598}"
EndProject
Project("{9A19103F-16F7-4668-BE54-9A1E7A4F7556}") = "Microsoft.SqlTools.ServiceLayer.TestDriver.Tests", "..\..\test\Microsoft.SqlTools.ServiceLayer.TestDriver.Tests\Microsoft.SqlTools.ServiceLayer.TestDriver.Tests.csproj", "{D238080F-DF25-4F24-A0A2-B042ED38FB45}"
EndProject
Project("{9A19103F-16F7-4668-BE54-9A1E7A4F7556}") = "Microsoft.SqlTools.ServiceLayer.TestDriver", "..\..\test\Microsoft.SqlTools.ServiceLayer.TestDriver\Microsoft.SqlTools.ServiceLayer.TestDriver.csproj", "{DE6614E1-6DEA-4C8D-82C9-2F9C8BE2FA7D}"
EndProject
Project("{9A19103F-16F7-4668-BE54-9A1E7A4F7556}") = "Microsoft.SqlTools.ServiceLayer.TestEnvConfig", "..\..\test\Microsoft.SqlTools.ServiceLayer.TestEnvConfig\Microsoft.SqlTools.ServiceLayer.TestEnvConfig.csproj", "{E10E9B88-A7E0-4C9D-B7F6-8558A23D8913}"
EndProject
Project("{9A19103F-16F7-4668-BE54-9A1E7A4F7556}") = "Microsoft.SqlTools.ServiceLayer.UnitTests", "..\..\test\Microsoft.SqlTools.ServiceLayer.UnitTests\Microsoft.SqlTools.ServiceLayer.UnitTests.csproj", "{B165FC42-B82D-4ED6-BFA4-59CDB04B1BB6}"
EndProject
Project("{9A19103F-16F7-4668-BE54-9A1E7A4F7556}") = "Microsoft.SqlTools.Test.CompletionExtension", "..\..\test\Microsoft.SqlTools.Test.CompletionExtension\Microsoft.SqlTools.Test.CompletionExtension.csproj", "{0A93E988-9B65-4927-B378-C6249D885858}"
EndProject
Project("{9A19103F-16F7-4668-BE54-9A1E7A4F7556}") = "ScriptGenerator", "..\..\test\ScriptGenerator\ScriptGenerator.csproj", "{017204DD-0799-4106-9848-64DB9B0ADB76}"
EndProject
Global
	GlobalSection(SolutionConfigurationPlatforms) = preSolution
		Debug|Any CPU = Debug|Any CPU
		Release|Any CPU = Release|Any CPU
	EndGlobalSection
	GlobalSection(ProjectConfigurationPlatforms) = postSolution
		{62402DCE-4FCF-4925-AE01-DB92D4579F74}.Debug|Any CPU.ActiveCfg = Debug|Any CPU
		{62402DCE-4FCF-4925-AE01-DB92D4579F74}.Debug|Any CPU.Build.0 = Debug|Any CPU
		{62402DCE-4FCF-4925-AE01-DB92D4579F74}.Release|Any CPU.ActiveCfg = Release|Any CPU
		{62402DCE-4FCF-4925-AE01-DB92D4579F74}.Release|Any CPU.Build.0 = Release|Any CPU
		{F61D61C1-91AA-46BA-AAFF-BF1475FBE73A}.Debug|Any CPU.ActiveCfg = Debug|Any CPU
		{F61D61C1-91AA-46BA-AAFF-BF1475FBE73A}.Debug|Any CPU.Build.0 = Debug|Any CPU
		{F61D61C1-91AA-46BA-AAFF-BF1475FBE73A}.Release|Any CPU.ActiveCfg = Release|Any CPU
		{F61D61C1-91AA-46BA-AAFF-BF1475FBE73A}.Release|Any CPU.Build.0 = Release|Any CPU
		{DE16E759-98C7-4C36-B9C1-FB732ACC9D34}.Debug|Any CPU.ActiveCfg = Debug|Any CPU
		{DE16E759-98C7-4C36-B9C1-FB732ACC9D34}.Debug|Any CPU.Build.0 = Debug|Any CPU
		{DE16E759-98C7-4C36-B9C1-FB732ACC9D34}.Release|Any CPU.ActiveCfg = Release|Any CPU
		{DE16E759-98C7-4C36-B9C1-FB732ACC9D34}.Release|Any CPU.Build.0 = Release|Any CPU
		{1DB80E31-CA29-4741-843A-D022B1A6BEDB}.Debug|Any CPU.ActiveCfg = Debug|Any CPU
		{1DB80E31-CA29-4741-843A-D022B1A6BEDB}.Debug|Any CPU.Build.0 = Debug|Any CPU
		{1DB80E31-CA29-4741-843A-D022B1A6BEDB}.Release|Any CPU.ActiveCfg = Release|Any CPU
		{1DB80E31-CA29-4741-843A-D022B1A6BEDB}.Release|Any CPU.Build.0 = Release|Any CPU
		{D38FD3C1-93FA-4305-8374-5DDE3FF2A301}.Debug|Any CPU.ActiveCfg = Debug|Any CPU
		{D38FD3C1-93FA-4305-8374-5DDE3FF2A301}.Debug|Any CPU.Build.0 = Debug|Any CPU
		{D38FD3C1-93FA-4305-8374-5DDE3FF2A301}.Release|Any CPU.ActiveCfg = Release|Any CPU
		{D38FD3C1-93FA-4305-8374-5DDE3FF2A301}.Release|Any CPU.Build.0 = Release|Any CPU
		{1523E2F8-C532-4B0A-94B5-2D98543E5B3C}.Debug|Any CPU.ActiveCfg = Debug|Any CPU
		{1523E2F8-C532-4B0A-94B5-2D98543E5B3C}.Debug|Any CPU.Build.0 = Debug|Any CPU
		{1523E2F8-C532-4B0A-94B5-2D98543E5B3C}.Release|Any CPU.ActiveCfg = Release|Any CPU
		{1523E2F8-C532-4B0A-94B5-2D98543E5B3C}.Release|Any CPU.Build.0 = Release|Any CPU
		{ECC5D087-6700-422B-9850-52416308DB4C}.Debug|Any CPU.ActiveCfg = Debug|Any CPU
		{ECC5D087-6700-422B-9850-52416308DB4C}.Debug|Any CPU.Build.0 = Debug|Any CPU
		{ECC5D087-6700-422B-9850-52416308DB4C}.Release|Any CPU.ActiveCfg = Release|Any CPU
		{ECC5D087-6700-422B-9850-52416308DB4C}.Release|Any CPU.Build.0 = Release|Any CPU
		{3D1F7C29-768A-42A4-A4A5-5DCEE24C780F}.Debug|Any CPU.ActiveCfg = Debug|Any CPU
		{3D1F7C29-768A-42A4-A4A5-5DCEE24C780F}.Debug|Any CPU.Build.0 = Debug|Any CPU
		{3D1F7C29-768A-42A4-A4A5-5DCEE24C780F}.Release|Any CPU.ActiveCfg = Release|Any CPU
		{3D1F7C29-768A-42A4-A4A5-5DCEE24C780F}.Release|Any CPU.Build.0 = Release|Any CPU
		{CC2E8274-BE2C-4BCA-A0C8-3D34F2378258}.Debug|Any CPU.ActiveCfg = Debug|Any CPU
		{CC2E8274-BE2C-4BCA-A0C8-3D34F2378258}.Debug|Any CPU.Build.0 = Debug|Any CPU
		{CC2E8274-BE2C-4BCA-A0C8-3D34F2378258}.Release|Any CPU.ActiveCfg = Release|Any CPU
		{CC2E8274-BE2C-4BCA-A0C8-3D34F2378258}.Release|Any CPU.Build.0 = Release|Any CPU
		{BE8FB626-C9E5-4480-8DA2-28BE492AC630}.Debug|Any CPU.ActiveCfg = Debug|Any CPU
		{BE8FB626-C9E5-4480-8DA2-28BE492AC630}.Debug|Any CPU.Build.0 = Debug|Any CPU
		{BE8FB626-C9E5-4480-8DA2-28BE492AC630}.Release|Any CPU.ActiveCfg = Release|Any CPU
		{BE8FB626-C9E5-4480-8DA2-28BE492AC630}.Release|Any CPU.Build.0 = Release|Any CPU
		{02C9DCBC-DB4E-42E9-97E2-BBC57D8ED1F2}.Debug|Any CPU.ActiveCfg = Debug|Any CPU
		{02C9DCBC-DB4E-42E9-97E2-BBC57D8ED1F2}.Debug|Any CPU.Build.0 = Debug|Any CPU
		{02C9DCBC-DB4E-42E9-97E2-BBC57D8ED1F2}.Release|Any CPU.ActiveCfg = Release|Any CPU
		{02C9DCBC-DB4E-42E9-97E2-BBC57D8ED1F2}.Release|Any CPU.Build.0 = Release|Any CPU
		{0FE1D1B9-519D-4DAB-A94C-66D55E5DC584}.Debug|Any CPU.ActiveCfg = Debug|Any CPU
		{0FE1D1B9-519D-4DAB-A94C-66D55E5DC584}.Debug|Any CPU.Build.0 = Debug|Any CPU
		{0FE1D1B9-519D-4DAB-A94C-66D55E5DC584}.Release|Any CPU.ActiveCfg = Release|Any CPU
		{0FE1D1B9-519D-4DAB-A94C-66D55E5DC584}.Release|Any CPU.Build.0 = Release|Any CPU
		{138746E4-8137-4B01-B240-9EF4A0B4DCFD}.Debug|Any CPU.ActiveCfg = Debug|Any CPU
		{138746E4-8137-4B01-B240-9EF4A0B4DCFD}.Debug|Any CPU.Build.0 = Debug|Any CPU
		{138746E4-8137-4B01-B240-9EF4A0B4DCFD}.Release|Any CPU.ActiveCfg = Release|Any CPU
		{138746E4-8137-4B01-B240-9EF4A0B4DCFD}.Release|Any CPU.Build.0 = Release|Any CPU
		{65DFEA49-B72A-477E-A3DA-52CB745A5ACC}.Debug|Any CPU.ActiveCfg = Debug|Any CPU
		{65DFEA49-B72A-477E-A3DA-52CB745A5ACC}.Debug|Any CPU.Build.0 = Debug|Any CPU
		{65DFEA49-B72A-477E-A3DA-52CB745A5ACC}.Release|Any CPU.ActiveCfg = Release|Any CPU
		{65DFEA49-B72A-477E-A3DA-52CB745A5ACC}.Release|Any CPU.Build.0 = Release|Any CPU
		{D2BF779B-D577-44AC-90B4-49070DE63457}.Debug|Any CPU.ActiveCfg = Debug|Any CPU
		{D2BF779B-D577-44AC-90B4-49070DE63457}.Debug|Any CPU.Build.0 = Debug|Any CPU
		{D2BF779B-D577-44AC-90B4-49070DE63457}.Release|Any CPU.ActiveCfg = Release|Any CPU
		{D2BF779B-D577-44AC-90B4-49070DE63457}.Release|Any CPU.Build.0 = Release|Any CPU
		{9AB41C38-E159-4537-BF38-D799224ECDF1}.Debug|Any CPU.ActiveCfg = Debug|Any CPU
		{9AB41C38-E159-4537-BF38-D799224ECDF1}.Debug|Any CPU.Build.0 = Debug|Any CPU
		{9AB41C38-E159-4537-BF38-D799224ECDF1}.Release|Any CPU.ActiveCfg = Release|Any CPU
		{9AB41C38-E159-4537-BF38-D799224ECDF1}.Release|Any CPU.Build.0 = Release|Any CPU
		{E2C87C7E-7770-451C-9C3A-2E665EB5A4EC}.Debug|Any CPU.ActiveCfg = Debug|Any CPU
		{E2C87C7E-7770-451C-9C3A-2E665EB5A4EC}.Debug|Any CPU.Build.0 = Debug|Any CPU
		{E2C87C7E-7770-451C-9C3A-2E665EB5A4EC}.Release|Any CPU.ActiveCfg = Release|Any CPU
		{E2C87C7E-7770-451C-9C3A-2E665EB5A4EC}.Release|Any CPU.Build.0 = Release|Any CPU
		{4F51D221-A758-42C2-80D1-1EE946D0E69F}.Debug|Any CPU.ActiveCfg = Debug|Any CPU
		{4F51D221-A758-42C2-80D1-1EE946D0E69F}.Debug|Any CPU.Build.0 = Debug|Any CPU
		{4F51D221-A758-42C2-80D1-1EE946D0E69F}.Release|Any CPU.ActiveCfg = Release|Any CPU
		{4F51D221-A758-42C2-80D1-1EE946D0E69F}.Release|Any CPU.Build.0 = Release|Any CPU
		{CF266D7B-2386-4267-BD59-7994F8790598}.Debug|Any CPU.ActiveCfg = Debug|Any CPU
		{CF266D7B-2386-4267-BD59-7994F8790598}.Debug|Any CPU.Build.0 = Debug|Any CPU
		{CF266D7B-2386-4267-BD59-7994F8790598}.Release|Any CPU.ActiveCfg = Release|Any CPU
		{CF266D7B-2386-4267-BD59-7994F8790598}.Release|Any CPU.Build.0 = Release|Any CPU
		{D238080F-DF25-4F24-A0A2-B042ED38FB45}.Debug|Any CPU.ActiveCfg = Debug|Any CPU
		{D238080F-DF25-4F24-A0A2-B042ED38FB45}.Debug|Any CPU.Build.0 = Debug|Any CPU
		{D238080F-DF25-4F24-A0A2-B042ED38FB45}.Release|Any CPU.ActiveCfg = Release|Any CPU
		{D238080F-DF25-4F24-A0A2-B042ED38FB45}.Release|Any CPU.Build.0 = Release|Any CPU
		{DE6614E1-6DEA-4C8D-82C9-2F9C8BE2FA7D}.Debug|Any CPU.ActiveCfg = Debug|Any CPU
		{DE6614E1-6DEA-4C8D-82C9-2F9C8BE2FA7D}.Debug|Any CPU.Build.0 = Debug|Any CPU
		{DE6614E1-6DEA-4C8D-82C9-2F9C8BE2FA7D}.Release|Any CPU.ActiveCfg = Release|Any CPU
		{DE6614E1-6DEA-4C8D-82C9-2F9C8BE2FA7D}.Release|Any CPU.Build.0 = Release|Any CPU
		{E10E9B88-A7E0-4C9D-B7F6-8558A23D8913}.Debug|Any CPU.ActiveCfg = Debug|Any CPU
		{E10E9B88-A7E0-4C9D-B7F6-8558A23D8913}.Debug|Any CPU.Build.0 = Debug|Any CPU
		{E10E9B88-A7E0-4C9D-B7F6-8558A23D8913}.Release|Any CPU.ActiveCfg = Release|Any CPU
		{E10E9B88-A7E0-4C9D-B7F6-8558A23D8913}.Release|Any CPU.Build.0 = Release|Any CPU
		{B165FC42-B82D-4ED6-BFA4-59CDB04B1BB6}.Debug|Any CPU.ActiveCfg = Debug|Any CPU
		{B165FC42-B82D-4ED6-BFA4-59CDB04B1BB6}.Debug|Any CPU.Build.0 = Debug|Any CPU
		{B165FC42-B82D-4ED6-BFA4-59CDB04B1BB6}.Release|Any CPU.ActiveCfg = Release|Any CPU
		{B165FC42-B82D-4ED6-BFA4-59CDB04B1BB6}.Release|Any CPU.Build.0 = Release|Any CPU
		{0A93E988-9B65-4927-B378-C6249D885858}.Debug|Any CPU.ActiveCfg = Debug|Any CPU
		{0A93E988-9B65-4927-B378-C6249D885858}.Debug|Any CPU.Build.0 = Debug|Any CPU
		{0A93E988-9B65-4927-B378-C6249D885858}.Release|Any CPU.ActiveCfg = Release|Any CPU
		{0A93E988-9B65-4927-B378-C6249D885858}.Release|Any CPU.Build.0 = Release|Any CPU
		{017204DD-0799-4106-9848-64DB9B0ADB76}.Debug|Any CPU.ActiveCfg = Debug|Any CPU
		{017204DD-0799-4106-9848-64DB9B0ADB76}.Debug|Any CPU.Build.0 = Debug|Any CPU
		{017204DD-0799-4106-9848-64DB9B0ADB76}.Release|Any CPU.ActiveCfg = Release|Any CPU
		{017204DD-0799-4106-9848-64DB9B0ADB76}.Release|Any CPU.Build.0 = Release|Any CPU
	EndGlobalSection
	GlobalSection(SolutionProperties) = preSolution
		HideSolutionNode = FALSE
	EndGlobalSection
	GlobalSection(ExtensibilityGlobals) = postSolution
		SolutionGuid = {681F1803-EE87-4786-A572-25ADBD2298B7}
	EndGlobalSection
EndGlobal
