Microsoft Visual Studio Solution File, Format Version 12.00
Project("{9A19103F-16F7-4668-BE54-9A1E7A4F7556}") = "Microsoft.SqlTools.SqlCore", "Microsoft.SqlTools.SqlCore.csproj", "{A8E3094E-EB9A-416B-BC0F-F2A662571D62}"
EndProject
Project("{9A19103F-16F7-4668-BE54-9A1E7A4F7556}") = "Microsoft.SqlTools.Hosting", "..\Microsoft.SqlTools.Hosting\Microsoft.SqlTools.Hosting.csproj", "{B69D7C76-92CC-4106-94FC-170D02DF7DE9}"
EndProject
Project("{9A19103F-16F7-4668-BE54-9A1E7A4F7556}") = "Microsoft.SqlTools.ManagedBatchParser", "..\Microsoft.SqlTools.ManagedBatchParser\Microsoft.SqlTools.ManagedBatchParser.csproj", "{FA70C4BC-DE79-432C-B836-69A4D807D866}"
EndProject
Global
	GlobalSection(SolutionConfigurationPlatforms) = preSolution
		Debug|Any CPU = Debug|Any CPU
		Release|Any CPU = Release|Any CPU
	EndGlobalSection
	GlobalSection(ProjectConfigurationPlatforms) = postSolution
		{A8E3094E-EB9A-416B-BC0F-F2A662571D62}.Debug|Any CPU.ActiveCfg = Debug|Any CPU
		{A8E3094E-EB9A-416B-BC0F-F2A662571D62}.Debug|Any CPU.Build.0 = Debug|Any CPU
		{A8E3094E-EB9A-416B-BC0F-F2A662571D62}.Release|Any CPU.ActiveCfg = Release|Any CPU
		{A8E3094E-EB9A-416B-BC0F-F2A662571D62}.Release|Any CPU.Build.0 = Release|Any CPU
		{B69D7C76-92CC-4106-94FC-170D02DF7DE9}.Debug|Any CPU.ActiveCfg = Debug|Any CPU
		{B69D7C76-92CC-4106-94FC-170D02DF7DE9}.Debug|Any CPU.Build.0 = Debug|Any CPU
		{B69D7C76-92CC-4106-94FC-170D02DF7DE9}.Release|Any CPU.ActiveCfg = Release|Any CPU
		{B69D7C76-92CC-4106-94FC-170D02DF7DE9}.Release|Any CPU.Build.0 = Release|Any CPU
		{FA70C4BC-DE79-432C-B836-69A4D807D866}.Debug|Any CPU.ActiveCfg = Debug|Any CPU
		{FA70C4BC-DE79-432C-B836-69A4D807D866}.Debug|Any CPU.Build.0 = Debug|Any CPU
		{FA70C4BC-DE79-432C-B836-69A4D807D866}.Release|Any CPU.ActiveCfg = Release|Any CPU
		{FA70C4BC-DE79-432C-B836-69A4D807D866}.Release|Any CPU.Build.0 = Release|Any CPU
	EndGlobalSection
	GlobalSection(SolutionProperties) = preSolution
		HideSolutionNode = FALSE
	EndGlobalSection
	GlobalSection(ExtensibilityGlobals) = postSolution
		SolutionGuid = {15B4BE23-BD72-4E4B-83AC-E869FAD632BF}
	EndGlobalSection
EndGlobal
