Microsoft Visual Studio Solution File, Format Version 12.00
Project("{9A19103F-16F7-4668-BE54-9A1E7A4F7556}") = "Microsoft.SqlTools.ServiceLayer", "Microsoft.SqlTools.ServiceLayer.csproj", "{7909466A-F396-4C5F-9639-56FFD9129196}"
EndProject
Project("{9A19103F-16F7-4668-BE54-9A1E7A4F7556}") = "Microsoft.SqlTools.Authentication", "..\Microsoft.SqlTools.Authentication\Microsoft.SqlTools.Authentication.csproj", "{82BD335A-9F67-44D7-BBCA-698840722189}"
EndProject
Project("{9A19103F-16F7-4668-BE54-9A1E7A4F7556}") = "Microsoft.SqlTools.Connectors.VSCode", "..\Microsoft.SqlTools.Connectors.VSCode\Microsoft.SqlTools.Connectors.VSCode.csproj", "{58278F39-4C83-4E47-8E0D-63A0F85FC1E9}"
EndProject
Project("{9A19103F-16F7-4668-BE54-9A1E7A4F7556}") = "Microsoft.SqlTools.Credentials", "..\Microsoft.SqlTools.Credentials\Microsoft.SqlTools.Credentials.csproj", "{C404A3F1-98BB-466E-9825-CCD80FEA599E}"
EndProject
Project("{9A19103F-16F7-4668-BE54-9A1E7A4F7556}") = "Microsoft.SqlTools.Hosting", "..\Microsoft.SqlTools.Hosting\Microsoft.SqlTools.Hosting.csproj", "{58153ECA-EE11-41B0-B59E-F00572F33361}"
EndProject
Project("{9A19103F-16F7-4668-BE54-9A1E7A4F7556}") = "Microsoft.SqlTools.ManagedBatchParser", "..\Microsoft.SqlTools.ManagedBatchParser\Microsoft.SqlTools.ManagedBatchParser.csproj", "{6C1352E8-C3B3-40BB-B1C3-30BF9F1387BC}"
EndProject
Project("{9A19103F-16F7-4668-BE54-9A1E7A4F7556}") = "Microsoft.SqlTools.SqlCore", "..\Microsoft.SqlTools.SqlCore\Microsoft.SqlTools.SqlCore.csproj", "{54A71926-5137-4FAC-9D2B-0893999BBA9C}"
EndProject
Global
	GlobalSection(SolutionConfigurationPlatforms) = preSolution
		Debug|Any CPU = Debug|Any CPU
		Release|Any CPU = Release|Any CPU
	EndGlobalSection
	GlobalSection(ProjectConfigurationPlatforms) = postSolution
		{7909466A-F396-4C5F-9639-56FFD9129196}.Debug|Any CPU.ActiveCfg = Debug|Any CPU
		{7909466A-F396-4C5F-9639-56FFD9129196}.Debug|Any CPU.Build.0 = Debug|Any CPU
		{7909466A-F396-4C5F-9639-56FFD9129196}.Release|Any CPU.ActiveCfg = Release|Any CPU
		{7909466A-F396-4C5F-9639-56FFD9129196}.Release|Any CPU.Build.0 = Release|Any CPU
		{82BD335A-9F67-44D7-BBCA-698840722189}.Debug|Any CPU.ActiveCfg = Debug|Any CPU
		{82BD335A-9F67-44D7-BBCA-698840722189}.Debug|Any CPU.Build.0 = Debug|Any CPU
		{82BD335A-9F67-44D7-BBCA-698840722189}.Release|Any CPU.ActiveCfg = Release|Any CPU
		{82BD335A-9F67-44D7-BBCA-698840722189}.Release|Any CPU.Build.0 = Release|Any CPU
		{58278F39-4C83-4E47-8E0D-63A0F85FC1E9}.Debug|Any CPU.ActiveCfg = Debug|Any CPU
		{58278F39-4C83-4E47-8E0D-63A0F85FC1E9}.Debug|Any CPU.Build.0 = Debug|Any CPU
		{58278F39-4C83-4E47-8E0D-63A0F85FC1E9}.Release|Any CPU.ActiveCfg = Release|Any CPU
		{58278F39-4C83-4E47-8E0D-63A0F85FC1E9}.Release|Any CPU.Build.0 = Release|Any CPU
		{C404A3F1-98BB-466E-9825-CCD80FEA599E}.Debug|Any CPU.ActiveCfg = Debug|Any CPU
		{C404A3F1-98BB-466E-9825-CCD80FEA599E}.Debug|Any CPU.Build.0 = Debug|Any CPU
		{C404A3F1-98BB-466E-9825-CCD80FEA599E}.Release|Any CPU.ActiveCfg = Release|Any CPU
		{C404A3F1-98BB-466E-9825-CCD80FEA599E}.Release|Any CPU.Build.0 = Release|Any CPU
		{58153ECA-EE11-41B0-B59E-F00572F33361}.Debug|Any CPU.ActiveCfg = Debug|Any CPU
		{58153ECA-EE11-41B0-B59E-F00572F33361}.Debug|Any CPU.Build.0 = Debug|Any CPU
		{58153ECA-EE11-41B0-B59E-F00572F33361}.Release|Any CPU.ActiveCfg = Release|Any CPU
		{58153ECA-EE11-41B0-B59E-F00572F33361}.Release|Any CPU.Build.0 = Release|Any CPU
		{6C1352E8-C3B3-40BB-B1C3-30BF9F1387BC}.Debug|Any CPU.ActiveCfg = Debug|Any CPU
		{6C1352E8-C3B3-40BB-B1C3-30BF9F1387BC}.Debug|Any CPU.Build.0 = Debug|Any CPU
		{6C1352E8-C3B3-40BB-B1C3-30BF9F1387BC}.Release|Any CPU.ActiveCfg = Release|Any CPU
		{6C1352E8-C3B3-40BB-B1C3-30BF9F1387BC}.Release|Any CPU.Build.0 = Release|Any CPU
		{54A71926-5137-4FAC-9D2B-0893999BBA9C}.Debug|Any CPU.ActiveCfg = Debug|Any CPU
		{54A71926-5137-4FAC-9D2B-0893999BBA9C}.Debug|Any CPU.Build.0 = Debug|Any CPU
		{54A71926-5137-4FAC-9D2B-0893999BBA9C}.Release|Any CPU.ActiveCfg = Release|Any CPU
		{54A71926-5137-4FAC-9D2B-0893999BBA9C}.Release|Any CPU.Build.0 = Release|Any CPU
	EndGlobalSection
	GlobalSection(SolutionProperties) = preSolution
		HideSolutionNode = FALSE
	EndGlobalSection
	GlobalSection(ExtensibilityGlobals) = postSolution
		SolutionGuid = {5A9F01EA-88AE-48D2-AEB3-6EB03B9D9B4A}
	EndGlobalSection
EndGlobal
