Microsoft Visual Studio Solution File, Format Version 12.00
Project("{9A19103F-16F7-4668-BE54-9A1E7A4F7556}") = "Microsoft.SqlTools.ManagedBatchParser", "Microsoft.SqlTools.ManagedBatchParser.csproj", "{12BDB7E6-B2CE-4596-9044-9E4D9396954D}"
EndProject
Project("{9A19103F-16F7-4668-BE54-9A1E7A4F7556}") = "Microsoft.SqlTools.Authentication", "..\Microsoft.SqlTools.Authentication\Microsoft.SqlTools.Authentication.csproj", "{F19E65E7-0CF0-45EA-8C3F-4E7C2C14B02C}"
EndProject
Project("{9A19103F-16F7-4668-BE54-9A1E7A4F7556}") = "Microsoft.SqlTools.Connectors.VSCode", "..\Microsoft.SqlTools.Connectors.VSCode\Microsoft.SqlTools.Connectors.VSCode.csproj", "{A838C814-3356-4746-B46A-94FEF9330260}"
EndProject
Project("{9A19103F-16F7-4668-BE54-9A1E7A4F7556}") = "Microsoft.SqlTools.Credentials", "..\Microsoft.SqlTools.Credentials\Microsoft.SqlTools.Credentials.csproj", "{7F33C707-EAEB-4862-A926-1D47A34D29BA}"
EndProject
Project("{9A19103F-16F7-4668-BE54-9A1E7A4F7556}") = "Microsoft.SqlTools.Hosting", "..\Microsoft.SqlTools.Hosting\Microsoft.SqlTools.Hosting.csproj", "{62FC3642-416F-4A72-862F-4B3D4667998F}"
EndProject
Project("{9A19103F-16F7-4668-BE54-9A1E7A4F7556}") = "Microsoft.SqlTools.Migration", "..\Microsoft.SqlTools.Migration\Microsoft.SqlTools.Migration.csproj", "{8BB46CAD-889F-4C4B-9945-24D2DB8B304A}"
EndProject
Project("{9A19103F-16F7-4668-BE54-9A1E7A4F7556}") = "Microsoft.SqlTools.ResourceProvider.Core", "..\Microsoft.SqlTools.ResourceProvider.Core\Microsoft.SqlTools.ResourceProvider.Core.csproj", "{A3553C99-E6B0-4149-A53A-F3B83D9F50E4}"
EndProject
Project("{9A19103F-16F7-4668-BE54-9A1E7A4F7556}") = "Microsoft.SqlTools.ResourceProvider.DefaultImpl", "..\Microsoft.SqlTools.ResourceProvider.DefaultImpl\Microsoft.SqlTools.ResourceProvider.DefaultImpl.csproj", "{77E96BF5-DD83-43DC-9DDD-EFF472880599}"
EndProject
Project("{9A19103F-16F7-4668-BE54-9A1E7A4F7556}") = "Microsoft.SqlTools.ResourceProvider", "..\Microsoft.SqlTools.ResourceProvider\Microsoft.SqlTools.ResourceProvider.csproj", "{665CA1A2-F8B4-4DA1-8874-9B11F61C7CCE}"
EndProject
Project("{9A19103F-16F7-4668-BE54-9A1E7A4F7556}") = "Microsoft.SqlTools.ServiceLayer", "..\Microsoft.SqlTools.ServiceLayer\Microsoft.SqlTools.ServiceLayer.csproj", "{3B08CBE9-D295-4BE2-90C2-462C2C655A06}"
EndProject
Project("{9A19103F-16F7-4668-BE54-9A1E7A4F7556}") = "Microsoft.SqlTools.SqlCore", "..\Microsoft.SqlTools.SqlCore\Microsoft.SqlTools.SqlCore.csproj", "{5F04479C-685D-4635-9095-682B16D28D1E}"
EndProject
Project("{9A19103F-16F7-4668-BE54-9A1E7A4F7556}") = "Microsoft.SqlTools.Authentication.UnitTests", "..\..\test\Microsoft.SqlTools.Authentication.UnitTests\Microsoft.SqlTools.Authentication.UnitTests.csproj", "{329ED59F-72F7-45AC-B830-407BED213ED5}"
EndProject
Project("{9A19103F-16F7-4668-BE54-9A1E7A4F7556}") = "Microsoft.SqlTools.ManagedBatchParser.IntegrationTests", "..\..\test\Microsoft.SqlTools.ManagedBatchParser.IntegrationTests\Microsoft.SqlTools.ManagedBatchParser.IntegrationTests.csproj", "{7C76BCBB-9522-4A79-8F67-FA8B3ECD2A93}"
EndProject
Project("{9A19103F-16F7-4668-BE54-9A1E7A4F7556}") = "Microsoft.SqlTools.Migration.IntegrationTests", "..\..\test\Microsoft.SqlTools.Migration.IntegrationTests\Microsoft.SqlTools.Migration.IntegrationTests.csproj", "{47831121-CF6B-4227-8DB0-C0E2C7AFA5B4}"
EndProject
Project("{9A19103F-16F7-4668-BE54-9A1E7A4F7556}") = "Microsoft.SqlTools.ServiceLayer.IntegrationTests", "..\..\test\Microsoft.SqlTools.ServiceLayer.IntegrationTests\Microsoft.SqlTools.ServiceLayer.IntegrationTests.csproj", "{17CFDB8A-C0EF-4A40-BDDD-F88C0E7234BC}"
EndProject
Project("{9A19103F-16F7-4668-BE54-9A1E7A4F7556}") = "Microsoft.SqlTools.ServiceLayer.PerfTests", "..\..\test\Microsoft.SqlTools.ServiceLayer.PerfTests\Microsoft.SqlTools.ServiceLayer.PerfTests.csproj", "{9275F3B4-B543-484A-9840-CB5591B935EF}"
EndProject
Project("{9A19103F-16F7-4668-BE54-9A1E7A4F7556}") = "Microsoft.SqlTools.ServiceLayer.Test.Common", "..\..\test\Microsoft.SqlTools.ServiceLayer.Test.Common\Microsoft.SqlTools.ServiceLayer.Test.Common.csproj", "{0771217F-2A7D-4325-A401-8855059C6986}"
EndProject
Project("{9A19103F-16F7-4668-BE54-9A1E7A4F7556}") = "Microsoft.SqlTools.ServiceLayer.TestDriver.Tests", "..\..\test\Microsoft.SqlTools.ServiceLayer.TestDriver.Tests\Microsoft.SqlTools.ServiceLayer.TestDriver.Tests.csproj", "{3C675998-48FC-4BFE-93C1-44D09C57671C}"
EndProject
Project("{9A19103F-16F7-4668-BE54-9A1E7A4F7556}") = "Microsoft.SqlTools.ServiceLayer.TestDriver", "..\..\test\Microsoft.SqlTools.ServiceLayer.TestDriver\Microsoft.SqlTools.ServiceLayer.TestDriver.csproj", "{3C7133F3-4B04-4DE2-A4E9-55A50C7D4592}"
EndProject
Project("{9A19103F-16F7-4668-BE54-9A1E7A4F7556}") = "Microsoft.SqlTools.ServiceLayer.TestEnvConfig", "..\..\test\Microsoft.SqlTools.ServiceLayer.TestEnvConfig\Microsoft.SqlTools.ServiceLayer.TestEnvConfig.csproj", "{0E314879-9BAB-4A6E-BE0C-FD2DF0201A1F}"
EndProject
Project("{9A19103F-16F7-4668-BE54-9A1E7A4F7556}") = "Microsoft.SqlTools.ServiceLayer.UnitTests", "..\..\test\Microsoft.SqlTools.ServiceLayer.UnitTests\Microsoft.SqlTools.ServiceLayer.UnitTests.csproj", "{88F22D93-983E-4699-B196-69868B1281B4}"
EndProject
Project("{9A19103F-16F7-4668-BE54-9A1E7A4F7556}") = "Microsoft.SqlTools.Test.CompletionExtension", "..\..\test\Microsoft.SqlTools.Test.CompletionExtension\Microsoft.SqlTools.Test.CompletionExtension.csproj", "{BD81628C-7ECE-4EF6-A126-4C84CBFE9FE3}"
EndProject
Project("{9A19103F-16F7-4668-BE54-9A1E7A4F7556}") = "ScriptGenerator", "..\..\test\ScriptGenerator\ScriptGenerator.csproj", "{1EDC62BC-ADA0-4670-8E4F-F2F5E82020F3}"
EndProject
Global
	GlobalSection(SolutionConfigurationPlatforms) = preSolution
		Debug|Any CPU = Debug|Any CPU
		Release|Any CPU = Release|Any CPU
	EndGlobalSection
	GlobalSection(ProjectConfigurationPlatforms) = postSolution
		{12BDB7E6-B2CE-4596-9044-9E4D9396954D}.Debug|Any CPU.ActiveCfg = Debug|Any CPU
		{12BDB7E6-B2CE-4596-9044-9E4D9396954D}.Debug|Any CPU.Build.0 = Debug|Any CPU
		{12BDB7E6-B2CE-4596-9044-9E4D9396954D}.Release|Any CPU.ActiveCfg = Release|Any CPU
		{12BDB7E6-B2CE-4596-9044-9E4D9396954D}.Release|Any CPU.Build.0 = Release|Any CPU
		{F19E65E7-0CF0-45EA-8C3F-4E7C2C14B02C}.Debug|Any CPU.ActiveCfg = Debug|Any CPU
		{F19E65E7-0CF0-45EA-8C3F-4E7C2C14B02C}.Debug|Any CPU.Build.0 = Debug|Any CPU
		{F19E65E7-0CF0-45EA-8C3F-4E7C2C14B02C}.Release|Any CPU.ActiveCfg = Release|Any CPU
		{F19E65E7-0CF0-45EA-8C3F-4E7C2C14B02C}.Release|Any CPU.Build.0 = Release|Any CPU
		{A838C814-3356-4746-B46A-94FEF9330260}.Debug|Any CPU.ActiveCfg = Debug|Any CPU
		{A838C814-3356-4746-B46A-94FEF9330260}.Debug|Any CPU.Build.0 = Debug|Any CPU
		{A838C814-3356-4746-B46A-94FEF9330260}.Release|Any CPU.ActiveCfg = Release|Any CPU
		{A838C814-3356-4746-B46A-94FEF9330260}.Release|Any CPU.Build.0 = Release|Any CPU
		{7F33C707-EAEB-4862-A926-1D47A34D29BA}.Debug|Any CPU.ActiveCfg = Debug|Any CPU
		{7F33C707-EAEB-4862-A926-1D47A34D29BA}.Debug|Any CPU.Build.0 = Debug|Any CPU
		{7F33C707-EAEB-4862-A926-1D47A34D29BA}.Release|Any CPU.ActiveCfg = Release|Any CPU
		{7F33C707-EAEB-4862-A926-1D47A34D29BA}.Release|Any CPU.Build.0 = Release|Any CPU
		{62FC3642-416F-4A72-862F-4B3D4667998F}.Debug|Any CPU.ActiveCfg = Debug|Any CPU
		{62FC3642-416F-4A72-862F-4B3D4667998F}.Debug|Any CPU.Build.0 = Debug|Any CPU
		{62FC3642-416F-4A72-862F-4B3D4667998F}.Release|Any CPU.ActiveCfg = Release|Any CPU
		{62FC3642-416F-4A72-862F-4B3D4667998F}.Release|Any CPU.Build.0 = Release|Any CPU
		{8BB46CAD-889F-4C4B-9945-24D2DB8B304A}.Debug|Any CPU.ActiveCfg = Debug|Any CPU
		{8BB46CAD-889F-4C4B-9945-24D2DB8B304A}.Debug|Any CPU.Build.0 = Debug|Any CPU
		{8BB46CAD-889F-4C4B-9945-24D2DB8B304A}.Release|Any CPU.ActiveCfg = Release|Any CPU
		{8BB46CAD-889F-4C4B-9945-24D2DB8B304A}.Release|Any CPU.Build.0 = Release|Any CPU
		{A3553C99-E6B0-4149-A53A-F3B83D9F50E4}.Debug|Any CPU.ActiveCfg = Debug|Any CPU
		{A3553C99-E6B0-4149-A53A-F3B83D9F50E4}.Debug|Any CPU.Build.0 = Debug|Any CPU
		{A3553C99-E6B0-4149-A53A-F3B83D9F50E4}.Release|Any CPU.ActiveCfg = Release|Any CPU
		{A3553C99-E6B0-4149-A53A-F3B83D9F50E4}.Release|Any CPU.Build.0 = Release|Any CPU
		{77E96BF5-DD83-43DC-9DDD-EFF472880599}.Debug|Any CPU.ActiveCfg = Debug|Any CPU
		{77E96BF5-DD83-43DC-9DDD-EFF472880599}.Debug|Any CPU.Build.0 = Debug|Any CPU
		{77E96BF5-DD83-43DC-9DDD-EFF472880599}.Release|Any CPU.ActiveCfg = Release|Any CPU
		{77E96BF5-DD83-43DC-9DDD-EFF472880599}.Release|Any CPU.Build.0 = Release|Any CPU
		{665CA1A2-F8B4-4DA1-8874-9B11F61C7CCE}.Debug|Any CPU.ActiveCfg = Debug|Any CPU
		{665CA1A2-F8B4-4DA1-8874-9B11F61C7CCE}.Debug|Any CPU.Build.0 = Debug|Any CPU
		{665CA1A2-F8B4-4DA1-8874-9B11F61C7CCE}.Release|Any CPU.ActiveCfg = Release|Any CPU
		{665CA1A2-F8B4-4DA1-8874-9B11F61C7CCE}.Release|Any CPU.Build.0 = Release|Any CPU
		{3B08CBE9-D295-4BE2-90C2-462C2C655A06}.Debug|Any CPU.ActiveCfg = Debug|Any CPU
		{3B08CBE9-D295-4BE2-90C2-462C2C655A06}.Debug|Any CPU.Build.0 = Debug|Any CPU
		{3B08CBE9-D295-4BE2-90C2-462C2C655A06}.Release|Any CPU.ActiveCfg = Release|Any CPU
		{3B08CBE9-D295-4BE2-90C2-462C2C655A06}.Release|Any CPU.Build.0 = Release|Any CPU
		{5F04479C-685D-4635-9095-682B16D28D1E}.Debug|Any CPU.ActiveCfg = Debug|Any CPU
		{5F04479C-685D-4635-9095-682B16D28D1E}.Debug|Any CPU.Build.0 = Debug|Any CPU
		{5F04479C-685D-4635-9095-682B16D28D1E}.Release|Any CPU.ActiveCfg = Release|Any CPU
		{5F04479C-685D-4635-9095-682B16D28D1E}.Release|Any CPU.Build.0 = Release|Any CPU
		{329ED59F-72F7-45AC-B830-407BED213ED5}.Debug|Any CPU.ActiveCfg = Debug|Any CPU
		{329ED59F-72F7-45AC-B830-407BED213ED5}.Debug|Any CPU.Build.0 = Debug|Any CPU
		{329ED59F-72F7-45AC-B830-407BED213ED5}.Release|Any CPU.ActiveCfg = Release|Any CPU
		{329ED59F-72F7-45AC-B830-407BED213ED5}.Release|Any CPU.Build.0 = Release|Any CPU
		{7C76BCBB-9522-4A79-8F67-FA8B3ECD2A93}.Debug|Any CPU.ActiveCfg = Debug|Any CPU
		{7C76BCBB-9522-4A79-8F67-FA8B3ECD2A93}.Debug|Any CPU.Build.0 = Debug|Any CPU
		{7C76BCBB-9522-4A79-8F67-FA8B3ECD2A93}.Release|Any CPU.ActiveCfg = Release|Any CPU
		{7C76BCBB-9522-4A79-8F67-FA8B3ECD2A93}.Release|Any CPU.Build.0 = Release|Any CPU
		{47831121-CF6B-4227-8DB0-C0E2C7AFA5B4}.Debug|Any CPU.ActiveCfg = Debug|Any CPU
		{47831121-CF6B-4227-8DB0-C0E2C7AFA5B4}.Debug|Any CPU.Build.0 = Debug|Any CPU
		{47831121-CF6B-4227-8DB0-C0E2C7AFA5B4}.Release|Any CPU.ActiveCfg = Release|Any CPU
		{47831121-CF6B-4227-8DB0-C0E2C7AFA5B4}.Release|Any CPU.Build.0 = Release|Any CPU
		{17CFDB8A-C0EF-4A40-BDDD-F88C0E7234BC}.Debug|Any CPU.ActiveCfg = Debug|Any CPU
		{17CFDB8A-C0EF-4A40-BDDD-F88C0E7234BC}.Debug|Any CPU.Build.0 = Debug|Any CPU
		{17CFDB8A-C0EF-4A40-BDDD-F88C0E7234BC}.Release|Any CPU.ActiveCfg = Release|Any CPU
		{17CFDB8A-C0EF-4A40-BDDD-F88C0E7234BC}.Release|Any CPU.Build.0 = Release|Any CPU
		{9275F3B4-B543-484A-9840-CB5591B935EF}.Debug|Any CPU.ActiveCfg = Debug|Any CPU
		{9275F3B4-B543-484A-9840-CB5591B935EF}.Debug|Any CPU.Build.0 = Debug|Any CPU
		{9275F3B4-B543-484A-9840-CB5591B935EF}.Release|Any CPU.ActiveCfg = Release|Any CPU
		{9275F3B4-B543-484A-9840-CB5591B935EF}.Release|Any CPU.Build.0 = Release|Any CPU
		{0771217F-2A7D-4325-A401-8855059C6986}.Debug|Any CPU.ActiveCfg = Debug|Any CPU
		{0771217F-2A7D-4325-A401-8855059C6986}.Debug|Any CPU.Build.0 = Debug|Any CPU
		{0771217F-2A7D-4325-A401-8855059C6986}.Release|Any CPU.ActiveCfg = Release|Any CPU
		{0771217F-2A7D-4325-A401-8855059C6986}.Release|Any CPU.Build.0 = Release|Any CPU
		{3C675998-48FC-4BFE-93C1-44D09C57671C}.Debug|Any CPU.ActiveCfg = Debug|Any CPU
		{3C675998-48FC-4BFE-93C1-44D09C57671C}.Debug|Any CPU.Build.0 = Debug|Any CPU
		{3C675998-48FC-4BFE-93C1-44D09C57671C}.Release|Any CPU.ActiveCfg = Release|Any CPU
		{3C675998-48FC-4BFE-93C1-44D09C57671C}.Release|Any CPU.Build.0 = Release|Any CPU
		{3C7133F3-4B04-4DE2-A4E9-55A50C7D4592}.Debug|Any CPU.ActiveCfg = Debug|Any CPU
		{3C7133F3-4B04-4DE2-A4E9-55A50C7D4592}.Debug|Any CPU.Build.0 = Debug|Any CPU
		{3C7133F3-4B04-4DE2-A4E9-55A50C7D4592}.Release|Any CPU.ActiveCfg = Release|Any CPU
		{3C7133F3-4B04-4DE2-A4E9-55A50C7D4592}.Release|Any CPU.Build.0 = Release|Any CPU
		{0E314879-9BAB-4A6E-BE0C-FD2DF0201A1F}.Debug|Any CPU.ActiveCfg = Debug|Any CPU
		{0E314879-9BAB-4A6E-BE0C-FD2DF0201A1F}.Debug|Any CPU.Build.0 = Debug|Any CPU
		{0E314879-9BAB-4A6E-BE0C-FD2DF0201A1F}.Release|Any CPU.ActiveCfg = Release|Any CPU
		{0E314879-9BAB-4A6E-BE0C-FD2DF0201A1F}.Release|Any CPU.Build.0 = Release|Any CPU
		{88F22D93-983E-4699-B196-69868B1281B4}.Debug|Any CPU.ActiveCfg = Debug|Any CPU
		{88F22D93-983E-4699-B196-69868B1281B4}.Debug|Any CPU.Build.0 = Debug|Any CPU
		{88F22D93-983E-4699-B196-69868B1281B4}.Release|Any CPU.ActiveCfg = Release|Any CPU
		{88F22D93-983E-4699-B196-69868B1281B4}.Release|Any CPU.Build.0 = Release|Any CPU
		{BD81628C-7ECE-4EF6-A126-4C84CBFE9FE3}.Debug|Any CPU.ActiveCfg = Debug|Any CPU
		{BD81628C-7ECE-4EF6-A126-4C84CBFE9FE3}.Debug|Any CPU.Build.0 = Debug|Any CPU
		{BD81628C-7ECE-4EF6-A126-4C84CBFE9FE3}.Release|Any CPU.ActiveCfg = Release|Any CPU
		{BD81628C-7ECE-4EF6-A126-4C84CBFE9FE3}.Release|Any CPU.Build.0 = Release|Any CPU
		{1EDC62BC-ADA0-4670-8E4F-F2F5E82020F3}.Debug|Any CPU.ActiveCfg = Debug|Any CPU
		{1EDC62BC-ADA0-4670-8E4F-F2F5E82020F3}.Debug|Any CPU.Build.0 = Debug|Any CPU
		{1EDC62BC-ADA0-4670-8E4F-F2F5E82020F3}.Release|Any CPU.ActiveCfg = Release|Any CPU
		{1EDC62BC-ADA0-4670-8E4F-F2F5E82020F3}.Release|Any CPU.Build.0 = Release|Any CPU
	EndGlobalSection
	GlobalSection(SolutionProperties) = preSolution
		HideSolutionNode = FALSE
	EndGlobalSection
	GlobalSection(ExtensibilityGlobals) = postSolution
		SolutionGuid = {E1FEBB35-5C6F-4AEB-8920-AB6F58ECB5DD}
	EndGlobalSection
EndGlobal
